{
  "originHash" : "3e6401e68f62e1647ed82ebb79dd31fb37551f05e0d8f3265a7e8bd868a7d845",
  "pins" : [
    {
      "identity" : "aexml",
      "kind" : "remoteSourceControl",
      "location" : "https://github.com/tadija/AEXML",
      "state" : {
        "revision" : "db806756c989760b35108146381535aec231092b",
        "version" : "4.7.0"
      }
    },
    {
      "identity" : "combine-schedulers",
      "kind" : "remoteSourceControl",
      "location" : "https://github.com/pointfreeco/combine-schedulers",
      "state" : {
        "revision" : "c96fdbf1223e22fa4566ac5f40513506dcf5dd41",
        "version" : "1.2.1"
      }
    },
    {
      "identity" : "hoshidicts",
      "kind" : "remoteSourceControl",
      "location" : "https://github.com/Manhhao/hoshidicts.git",
      "state" : {
        "revision" : "e70589d33b6b346663278383b422e41f1ed05f3c"
      }
    },
    {
      "identity" : "swift-clocks",
      "kind" : "remoteSourceControl",
      "location" : "https://github.com/pointfreeco/swift-clocks",
      "state" : {
        "revision" : "82440fa0a8b1c381a6d1e8e0fc7bbba53ec63204",
        "version" : "1.1.1"
      }
    },
    {
      "identity" : "swift-concurrency-extras",
      "kind" : "remoteSourceControl",
      "location" : "https://github.com/pointfreeco/swift-concurrency-extras",
      "state" : {
        "revision" : "5fa253428866f2360c3754e88537f700ed2656b5",
        "version" : "1.4.1"
      }
    },
    {
      "identity" : "swift-dependencies",
      "kind" : "remoteSourceControl",
      "location" : "https://github.com/pointfreeco/swift-dependencies",
      "state" : {
        "revision" : "b476cc5761057d8d857de063fe7ac8daecf5c06b",
        "version" : "1.17.1"
      }
    },
    {
      "identity" : "swift-syntax",
      "kind" : "remoteSourceControl",
      "location" : "https://github.com/swiftlang/swift-syntax",
      "state" : {
        "revision" : "79e4b74a295b6eb74a8b585e3a39d29e70c1dbd1",
        "version" : "603.0.2"
      }
    },
    {
      "identity" : "xctest-dynamic-overlay",
      "kind" : "remoteSourceControl",
      "location" : "https://github.com/pointfreeco/xctest-dynamic-overlay",
      "state" : {
        "revision" : "d9308ad679143c26a30dec52daefe82f54af2b82",
        "version" : "1.13.1"
      }
    },
    {
      "identity" : "ziparchive",
      "kind" : "remoteSourceControl",
      "location" : "https://github.com/ZipArchive/ZipArchive",
      "state" : {
        "revision" : "df35718ea19a94e015b91dc4881dee028ce4cdba",
        "version" : "2.6.0"
      }
    },
    {
      "identity" : "zstd",
      "kind" : "remoteSourceControl",
      "location" : "https://github.com/facebook/zstd.git",
      "state" : {
        "revision" : "f8745da6ff1ad1e7bab384bd1f9d742439278e99",
        "version" : "1.5.7"
      }
    }
  ],
  "version" : 3
}
