// !$*UTF8*$!
{
	archiveVersion = 1;
	classes = {
	};
	objectVersion = 77;
	objects = {

/* Begin PBXBuildFile section */
		040033C6E335CD8EF283273C /* StatsFeature in Frameworks */ = {isa = PBXBuildFile; productRef = 6134D4828EF9AAF6F6BB6DF6 /* StatsFeature */; };
		05B3C09F3B96E96D972F0424 /* SwiftUI.framework in Frameworks */ = {isa = PBXBuildFile; fileRef = CAE0DE68DC7E04F773A57E14 /* SwiftUI.framework */; };
		125CB371BB8CCAEE250459BD /* AmgiAppCore in Frameworks */ = {isa = PBXBuildFile; productRef = 116C9E134761B3BF0647B3AF /* AmgiAppCore */; };
		12BF73D42FEE3F5990828D1C /* SwiftNavigation in Frameworks */ = {isa = PBXBuildFile; productRef = A83E8288FCBE678AC922CFF0 /* SwiftNavigation */; };
		1BA1F93AC6C6FF8C357063BA /* SwiftNavigation in Frameworks */ = {isa = PBXBuildFile; productRef = 5E4DD888EA7B00AFD7922CBF /* SwiftNavigation */; };
		1CCF36BA63528C1E2FA3F9FD /* AnkiClients in Frameworks */ = {isa = PBXBuildFile; productRef = 1D9F9CD702DB5DC5DC8AAB30 /* AnkiClients */; };
		2F6CCEA4FF8B775FCA9299DA /* WidgetKit.framework in Frameworks */ = {isa = PBXBuildFile; fileRef = 2B60A11C277A30E8180CB0F1 /* WidgetKit.framework */; };
		300C45BEA20065427F563AAD /* AmgiAppCore in Frameworks */ = {isa = PBXBuildFile; productRef = 22DC7EB8B98A3ED9E71AC3D1 /* AmgiAppCore */; };
		34270B208122270BAC697B31 /* AmgiReader in Frameworks */ = {isa = PBXBuildFile; productRef = 2BD648FA756A72588752BD8B /* AmgiReader */; };
		43AFA498E11BD8D3C7329EB8 /* SwiftUINavigation in Frameworks */ = {isa = PBXBuildFile; productRef = CA8CCDB6FCA0124A188DC0B8 /* SwiftUINavigation */; };
		4806E64030A4EBAA1A2DF239 /* AnkiKit in Frameworks */ = {isa = PBXBuildFile; productRef = AB49118FC7A518B48ED09051 /* AnkiKit */; };
		4D082714A42AC42E79311B2B /* ReviewFeature in Frameworks */ = {isa = PBXBuildFile; productRef = D0ABBAC0A47EAB612FE8A1DF /* ReviewFeature */; };
		5197DE6744C39404AA7BCC59 /* AmgiCharts in Frameworks */ = {isa = PBXBuildFile; productRef = 16A0D6E4347ACFB21E40E615 /* AmgiCharts */; };
		5206D53A52E116E129C0E956 /* AnkiSync in Frameworks */ = {isa = PBXBuildFile; productRef = 1D52A2C890DE8794E39904C4 /* AnkiSync */; };
		5540802A47E5AE6133162993 /* Sharing in Frameworks */ = {isa = PBXBuildFile; productRef = E246B9A74FC08245970AE0E4 /* Sharing */; };
		556FBD2BE239FF491BAAECB2 /* BrowseFeature in Frameworks */ = {isa = PBXBuildFile; productRef = 2F8EB1A41829323C618C55E2 /* BrowseFeature */; };
		58CAEF6BE5C190FC9FE8D511 /* AmgiTheme in Frameworks */ = {isa = PBXBuildFile; productRef = DCE589747DD31E211851D79C /* AmgiTheme */; };
		5F5B77D77DD4749D9539DE34 /* AmgiReviewCore in Frameworks */ = {isa = PBXBuildFile; productRef = 8A765015A79B5CB13C813D22 /* AmgiReviewCore */; };
		652134A3080AAB2E8524794F /* WidgetFeature in Frameworks */ = {isa = PBXBuildFile; productRef = DDECB4DC220C7664DB15D012 /* WidgetFeature */; };
		67A2ED31F59B08EBD06A4FED /* Assets.xcassets in Resources */ = {isa = PBXBuildFile; fileRef = A12D2167226A912462BF60EA /* Assets.xcassets */; };
		6932C86281AB9089FDCF9C6B /* AnkiServices in Frameworks */ = {isa = PBXBuildFile; productRef = 9C12DFB8208798638ECB4C68 /* AnkiServices */; };
		6B10979FEE38C6E41A306E60 /* SyncFeature in Frameworks */ = {isa = PBXBuildFile; productRef = 4C469D6EF802EC825D6E2D20 /* SyncFeature */; };
		6CF26B3108E38F231B7113AC /* WatchApp.swift in Sources */ = {isa = PBXBuildFile; fileRef = 86204AF7D14861EEF82FF7E2 /* WatchApp.swift */; };
		71A1B053966773D1157AA618 /* AnkiClients in Frameworks */ = {isa = PBXBuildFile; productRef = 3FED5E304581C8F9AF5A7AA8 /* AnkiClients */; };
		73BED515464AA8C80C765BFF /* ContentView.swift in Sources */ = {isa = PBXBuildFile; fileRef = 44792958B343213988DC8FFB /* ContentView.swift */; };
		7C4497B5B8FEB2820FD860B0 /* TemplatesFeature in Frameworks */ = {isa = PBXBuildFile; productRef = 9620FA12A6D7E51DE075AA07 /* TemplatesFeature */; };
		7C46534E4D979D315641F713 /* AnkiSync in Frameworks */ = {isa = PBXBuildFile; productRef = 9F148DCECED472C7DE230AB6 /* AnkiSync */; };
		8037088122D7F4739E1D412A /* AnkiKit in Frameworks */ = {isa = PBXBuildFile; productRef = EEE5266ACE0725F53E9703A8 /* AnkiKit */; };
		85730DEFCB36C5C27D16DFBB /* WatchFeature in Frameworks */ = {isa = PBXBuildFile; productRef = 704E7B1DEE3EB580AE3FDB2E /* WatchFeature */; };
		870A4E4AC65F6875365D6225 /* AmgiReviewCore in Frameworks */ = {isa = PBXBuildFile; productRef = CF8C83822C8D9F7FB8575A15 /* AmgiReviewCore */; };
		88C9801267943920AF0688C8 /* AmgiCharts in Frameworks */ = {isa = PBXBuildFile; productRef = 4116783E1BE6EA8C1C4481B9 /* AmgiCharts */; };
		88CEBB679A25C18EFA30E22A /* AmgiCardWeb in Frameworks */ = {isa = PBXBuildFile; productRef = 81149E565C8204F6F4E79A3F /* AmgiCardWeb */; };
		8AD06D30608491B042880E1E /* AmgiWidget.appex in Embed Foundation Extensions */ = {isa = PBXBuildFile; fileRef = A837EB0A30B6E90B20D5C1CD /* AmgiWidget.appex */; settings = {ATTRIBUTES = (RemoveHeadersOnCopy, ); }; };
		8AE5F2F0A719B566CC316F35 /* Review in Resources */ = {isa = PBXBuildFile; fileRef = 1B84A2ADB8D6A599253D2E78 /* Review */; };
		8B08273A16790AC5FCBBA6A5 /* SettingsFeature in Frameworks */ = {isa = PBXBuildFile; productRef = 170EB4CD6203F3DC3701CEED /* SettingsFeature */; };
		8F888B18043AFB901AA52598 /* AnkiBackend in Frameworks */ = {isa = PBXBuildFile; productRef = 35974FDD258EB94D5852A939 /* AnkiBackend */; };
		9063E7D11DDAA9D8A7A0CF5D /* Fonts in Resources */ = {isa = PBXBuildFile; fileRef = 32D10E5F584CDD7816F8408A /* Fonts */; };
		914745C4D1A6A52334194F09 /* EPUBReader in Resources */ = {isa = PBXBuildFile; fileRef = 795E67571E8B9C7014F5A3E7 /* EPUBReader */; };
		94AB6A9BE4BC63D84EC48E6B /* AmgiCardWeb in Frameworks */ = {isa = PBXBuildFile; productRef = 5089B17C1D8C3637BE4FB0A9 /* AmgiCardWeb */; };
		9E79CAC91DE4DC297BDB10DE /* mathjax in Resources */ = {isa = PBXBuildFile; fileRef = 308AC2057FB8232A7A730D15 /* mathjax */; };
		9F04117D1D3772A46BD87844 /* AmgiUI in Frameworks */ = {isa = PBXBuildFile; productRef = DAC2CBBCA214A6D82D147002 /* AmgiUI */; };
		A87D48D4DA8668BA3F705983 /* AmgiReaderDictionary in Frameworks */ = {isa = PBXBuildFile; productRef = DFF78E17542FA42887E61316 /* AmgiReaderDictionary */; };
		A93978D7EA5D702A9FEC5B1B /* AmgiTheme in Frameworks */ = {isa = PBXBuildFile; productRef = A8F51D85BA3DE2215333A244 /* AmgiTheme */; };
		BB3E89CDD647E53D949E751D /* AmgiAppApp.swift in Sources */ = {isa = PBXBuildFile; fileRef = 8194F942C511DFA83C0CB371 /* AmgiAppApp.swift */; };
		C0E1BDBCA1C96F26EC31E956 /* DecksFeature in Frameworks */ = {isa = PBXBuildFile; productRef = 324C4DAD3E669D72C1F8C948 /* DecksFeature */; };
		C19817C4D671B6B7CA605B87 /* ReaderFeature in Frameworks */ = {isa = PBXBuildFile; productRef = CBE98F95767A0BAEE71ED603 /* ReaderFeature */; };
		C417D0DB3832D3592A5A3BA1 /* AnkiBackend in Frameworks */ = {isa = PBXBuildFile; productRef = F40C6D05700BCD9DB3969CD4 /* AnkiBackend */; };
		C7E42C769A4C5821E0D2A65E /* AnkiServices in Frameworks */ = {isa = PBXBuildFile; productRef = 38DEF6B96461889F8EAAAE48 /* AnkiServices */; };
		CD7A425CC4ECBA61920F09E6 /* AmgiUI in Frameworks */ = {isa = PBXBuildFile; productRef = 87D0CB2695723E94A8F6EEE4 /* AmgiUI */; };
		DDB626BDCF55944EA44313ED /* Sharing in Frameworks */ = {isa = PBXBuildFile; productRef = 4F99E922EA9267E4EE4CD5D6 /* Sharing */; };
		E45540503268E00A3CAC9B04 /* WidgetKit.framework in Frameworks */ = {isa = PBXBuildFile; fileRef = 2B60A11C277A30E8180CB0F1 /* WidgetKit.framework */; };
		F37C1A973A4F933CE3C9B39C /* AmgiAppShared in Frameworks */ = {isa = PBXBuildFile; productRef = ACD15169111E238EEB55BFCB /* AmgiAppShared */; };
/* End PBXBuildFile section */

/* Begin PBXContainerItemProxy section */
		405A1DF95A869267A4FF267C /* PBXContainerItemProxy */ = {
			isa = PBXContainerItemProxy;
			containerPortal = CCE55545D9F1ABEDD48DB366 /* Project object */;
			proxyType = 1;
			remoteGlobalIDString = 95284AD6E89B9B84191749DE;
			remoteInfo = AmgiApp;
		};
		EE34BEA2D08D4B4B3CE4BF7A /* PBXContainerItemProxy */ = {
			isa = PBXContainerItemProxy;
			containerPortal = CCE55545D9F1ABEDD48DB366 /* Project object */;
			proxyType = 1;
			remoteGlobalIDString = 9B3B324834735D7AA9620491;
			remoteInfo = AmgiWidget;
		};
/* End PBXContainerItemProxy section */

/* Begin PBXCopyFilesBuildPhase section */
		410CE2AB2D9AFEF1B607231D /* Embed Foundation Extensions */ = {
			isa = PBXCopyFilesBuildPhase;
			buildActionMask = 2147483647;
			dstPath = "";
			dstSubfolderSpec = 13;
			files = (
				8AD06D30608491B042880E1E /* AmgiWidget.appex in Embed Foundation Extensions */,
			);
			name = "Embed Foundation Extensions";
			runOnlyForDeploymentPostprocessing = 0;
		};
/* End PBXCopyFilesBuildPhase section */

/* Begin PBXFileReference section */
		1B84A2ADB8D6A599253D2E78 /* Review */ = {isa = PBXFileReference; lastKnownFileType = folder; name = Review; path = Resources/Review; sourceTree = SOURCE_ROOT; };
		2B60A11C277A30E8180CB0F1 /* WidgetKit.framework */ = {isa = PBXFileReference; lastKnownFileType = wrapper.framework; name = WidgetKit.framework; path = System/Library/Frameworks/WidgetKit.framework; sourceTree = SDKROOT; };
		308AC2057FB8232A7A730D15 /* mathjax */ = {isa = PBXFileReference; lastKnownFileType = folder; name = mathjax; path = Resources/mathjax; sourceTree = SOURCE_ROOT; };
		32D10E5F584CDD7816F8408A /* Fonts */ = {isa = PBXFileReference; lastKnownFileType = folder; name = Fonts; path = Resources/Fonts; sourceTree = SOURCE_ROOT; };
		44792958B343213988DC8FFB /* ContentView.swift */ = {isa = PBXFileReference; lastKnownFileType = sourcecode.swift; path = ContentView.swift; sourceTree = "<group>"; };
		6FC065BB94EC4D03C744D66D /* AmgiUI */ = {isa = PBXFileReference; lastKnownFileType = folder; name = AmgiUI; path = ../AmgiUI; sourceTree = SOURCE_ROOT; };
		795E67571E8B9C7014F5A3E7 /* EPUBReader */ = {isa = PBXFileReference; lastKnownFileType = folder; name = EPUBReader; path = Resources/EPUBReader; sourceTree = SOURCE_ROOT; };
		8194F942C511DFA83C0CB371 /* AmgiAppApp.swift */ = {isa = PBXFileReference; lastKnownFileType = sourcecode.swift; path = AmgiAppApp.swift; sourceTree = "<group>"; };
		86204AF7D14861EEF82FF7E2 /* WatchApp.swift */ = {isa = PBXFileReference; lastKnownFileType = sourcecode.swift; path = WatchApp.swift; sourceTree = "<group>"; };
		9508481C0DD815976FA19522 /* AmgiReader */ = {isa = PBXFileReference; lastKnownFileType = folder; name = AmgiReader; path = ../AmgiReader; sourceTree = SOURCE_ROOT; };
		A12D2167226A912462BF60EA /* Assets.xcassets */ = {isa = PBXFileReference; lastKnownFileType = folder.assetcatalog; path = Assets.xcassets; sourceTree = "<group>"; };
		A837EB0A30B6E90B20D5C1CD /* AmgiWidget.appex */ = {isa = PBXFileReference; includeInIndex = 0; lastKnownFileType = "wrapper.app-extension"; path = AmgiWidget.appex; sourceTree = BUILT_PRODUCTS_DIR; };
		BE8DDAC853DEF5B6112EB833 /* AmgiFeatures */ = {isa = PBXFileReference; lastKnownFileType = folder; name = AmgiFeatures; path = ../AmgiFeatures; sourceTree = SOURCE_ROOT; };
		C57E0A30A0C5B7FE232BF0C3 /* amgi */ = {isa = PBXFileReference; lastKnownFileType = folder; name = amgi; path = ..; sourceTree = SOURCE_ROOT; };
		CAE0DE68DC7E04F773A57E14 /* SwiftUI.framework */ = {isa = PBXFileReference; lastKnownFileType = wrapper.framework; name = SwiftUI.framework; path = System/Library/Frameworks/SwiftUI.framework; sourceTree = SDKROOT; };
		DE61E854280804F08BB1DD31 /* AmgiApp.app */ = {isa = PBXFileReference; explicitFileType = wrapper.application; includeInIndex = 0; path = AmgiApp.app; sourceTree = BUILT_PRODUCTS_DIR; };
		E52A1F699FA8746826E4EAB0 /* AmgiWatchApp.app */ = {isa = PBXFileReference; explicitFileType = wrapper.application; includeInIndex = 0; path = AmgiWatchApp.app; sourceTree = BUILT_PRODUCTS_DIR; };
		FEF6D1A33091968455963805 /* AmgiAppTests.xctest */ = {isa = PBXFileReference; includeInIndex = 0; lastKnownFileType = wrapper.cfbundle; path = AmgiAppTests.xctest; sourceTree = BUILT_PRODUCTS_DIR; };
/* End PBXFileReference section */

/* Begin PBXFileSystemSynchronizedBuildFileExceptionSet section */
		1B98150CA7E87F8DFC46FAE3 /* Exceptions for "Widgets" folder in "AmgiWidget" target */ = {
			isa = PBXFileSystemSynchronizedBuildFileExceptionSet;
			membershipExceptions = (
				Info.plist,
			);
			target = 9B3B324834735D7AA9620491 /* AmgiWidget */;
		};
/* End PBXFileSystemSynchronizedBuildFileExceptionSet section */

/* Begin PBXFileSystemSynchronizedRootGroup section */
		004874923745BECF98EEBD18 /* Widgets */ = {
			isa = PBXFileSystemSynchronizedRootGroup;
			exceptions = (
				1B98150CA7E87F8DFC46FAE3 /* Exceptions for "Widgets" folder in "AmgiWidget" target */,
			);
			path = Widgets;
			sourceTree = "<group>";
		};
		70BB06347ADF26FA0276AD23 /* AmgiAppTests */ = {
			isa = PBXFileSystemSynchronizedRootGroup;
			path = AmgiAppTests;
			sourceTree = "<group>";
		};
/* End PBXFileSystemSynchronizedRootGroup section */

/* Begin PBXFrameworksBuildPhase section */
		13D1F5F67D6C828F4B9F1C8F /* Frameworks */ = {
			isa = PBXFrameworksBuildPhase;
			buildActionMask = 2147483647;
			files = (
				652134A3080AAB2E8524794F /* WidgetFeature in Frameworks */,
				E45540503268E00A3CAC9B04 /* WidgetKit.framework in Frameworks */,
				05B3C09F3B96E96D972F0424 /* SwiftUI.framework in Frameworks */,
			);
			runOnlyForDeploymentPostprocessing = 0;
		};
		19B37F948ED2A792E3A74AC2 /* Frameworks */ = {
			isa = PBXFrameworksBuildPhase;
			buildActionMask = 2147483647;
			files = (
				8037088122D7F4739E1D412A /* AnkiKit in Frameworks */,
				6932C86281AB9089FDCF9C6B /* AnkiServices in Frameworks */,
				71A1B053966773D1157AA618 /* AnkiClients in Frameworks */,
				7C46534E4D979D315641F713 /* AnkiSync in Frameworks */,
				C417D0DB3832D3592A5A3BA1 /* AnkiBackend in Frameworks */,
				94AB6A9BE4BC63D84EC48E6B /* AmgiCardWeb in Frameworks */,
				34270B208122270BAC697B31 /* AmgiReader in Frameworks */,
				A87D48D4DA8668BA3F705983 /* AmgiReaderDictionary in Frameworks */,
				58CAEF6BE5C190FC9FE8D511 /* AmgiTheme in Frameworks */,
				9F04117D1D3772A46BD87844 /* AmgiUI in Frameworks */,
				125CB371BB8CCAEE250459BD /* AmgiAppCore in Frameworks */,
				F37C1A973A4F933CE3C9B39C /* AmgiAppShared in Frameworks */,
				88C9801267943920AF0688C8 /* AmgiCharts in Frameworks */,
				7C4497B5B8FEB2820FD860B0 /* TemplatesFeature in Frameworks */,
				040033C6E335CD8EF283273C /* StatsFeature in Frameworks */,
				556FBD2BE239FF491BAAECB2 /* BrowseFeature in Frameworks */,
				6B10979FEE38C6E41A306E60 /* SyncFeature in Frameworks */,
				C19817C4D671B6B7CA605B87 /* ReaderFeature in Frameworks */,
				870A4E4AC65F6875365D6225 /* AmgiReviewCore in Frameworks */,
				4D082714A42AC42E79311B2B /* ReviewFeature in Frameworks */,
				C0E1BDBCA1C96F26EC31E956 /* DecksFeature in Frameworks */,
				8B08273A16790AC5FCBBA6A5 /* SettingsFeature in Frameworks */,
				12BF73D42FEE3F5990828D1C /* SwiftNavigation in Frameworks */,
				43AFA498E11BD8D3C7329EB8 /* SwiftUINavigation in Frameworks */,
				DDB626BDCF55944EA44313ED /* Sharing in Frameworks */,
				2F6CCEA4FF8B775FCA9299DA /* WidgetKit.framework in Frameworks */,
			);
			runOnlyForDeploymentPostprocessing = 0;
		};
		E369932CA4A46F6AC8C1E2C2 /* Frameworks */ = {
			isa = PBXFrameworksBuildPhase;
			buildActionMask = 2147483647;
			files = (
				4806E64030A4EBAA1A2DF239 /* AnkiKit in Frameworks */,
				A93978D7EA5D702A9FEC5B1B /* AmgiTheme in Frameworks */,
				CD7A425CC4ECBA61920F09E6 /* AmgiUI in Frameworks */,
				C7E42C769A4C5821E0D2A65E /* AnkiServices in Frameworks */,
				1CCF36BA63528C1E2FA3F9FD /* AnkiClients in Frameworks */,
				5206D53A52E116E129C0E956 /* AnkiSync in Frameworks */,
				8F888B18043AFB901AA52598 /* AnkiBackend in Frameworks */,
				88CEBB679A25C18EFA30E22A /* AmgiCardWeb in Frameworks */,
				300C45BEA20065427F563AAD /* AmgiAppCore in Frameworks */,
				5197DE6744C39404AA7BCC59 /* AmgiCharts in Frameworks */,
				5F5B77D77DD4749D9539DE34 /* AmgiReviewCore in Frameworks */,
				85730DEFCB36C5C27D16DFBB /* WatchFeature in Frameworks */,
				1BA1F93AC6C6FF8C357063BA /* SwiftNavigation in Frameworks */,
				5540802A47E5AE6133162993 /* Sharing in Frameworks */,
			);
			runOnlyForDeploymentPostprocessing = 0;
		};
/* End PBXFrameworksBuildPhase section */

/* Begin PBXGroup section */
		54701E5FE2188037820D21A7 /* Frameworks */ = {
			isa = PBXGroup;
			children = (
				CAE0DE68DC7E04F773A57E14 /* SwiftUI.framework */,
				2B60A11C277A30E8180CB0F1 /* WidgetKit.framework */,
			);
			name = Frameworks;
			sourceTree = "<group>";
		};
		652799243D2BEF4E5B7E34D5 /* Packages */ = {
			isa = PBXGroup;
			children = (
				C57E0A30A0C5B7FE232BF0C3 /* amgi */,
				BE8DDAC853DEF5B6112EB833 /* AmgiFeatures */,
				9508481C0DD815976FA19522 /* AmgiReader */,
				6FC065BB94EC4D03C744D66D /* AmgiUI */,
			);
			name = Packages;
			sourceTree = "<group>";
		};
		852CFC1C0D03FE7967E700AA /* Sources */ = {
			isa = PBXGroup;
			children = (
				8194F942C511DFA83C0CB371 /* AmgiAppApp.swift */,
				44792958B343213988DC8FFB /* ContentView.swift */,
				F6E98429D27EAD0FEB43C4D4 /* Watch */,
				004874923745BECF98EEBD18 /* Widgets */,
			);
			path = Sources;
			sourceTree = "<group>";
		};
		C2DEE343E176258185B95328 /* Tests */ = {
			isa = PBXGroup;
			children = (
				70BB06347ADF26FA0276AD23 /* AmgiAppTests */,
			);
			path = Tests;
			sourceTree = "<group>";
		};
		EDDFF8B62843241810A3F531 /* Resources */ = {
			isa = PBXGroup;
			children = (
				A12D2167226A912462BF60EA /* Assets.xcassets */,
				795E67571E8B9C7014F5A3E7 /* EPUBReader */,
				32D10E5F584CDD7816F8408A /* Fonts */,
				308AC2057FB8232A7A730D15 /* mathjax */,
				1B84A2ADB8D6A599253D2E78 /* Review */,
			);
			path = Resources;
			sourceTree = "<group>";
		};
		F25D5B8FD2D15F7D2AD5DB36 /* Products */ = {
			isa = PBXGroup;
			children = (
				DE61E854280804F08BB1DD31 /* AmgiApp.app */,
				FEF6D1A33091968455963805 /* AmgiAppTests.xctest */,
				E52A1F699FA8746826E4EAB0 /* AmgiWatchApp.app */,
				A837EB0A30B6E90B20D5C1CD /* AmgiWidget.appex */,
			);
			name = Products;
			sourceTree = "<group>";
		};
		F6E98429D27EAD0FEB43C4D4 /* Watch */ = {
			isa = PBXGroup;
			children = (
				86204AF7D14861EEF82FF7E2 /* WatchApp.swift */,
			);
			path = Watch;
			sourceTree = "<group>";
		};
		F90D9C10E2CEF0656D9B04B5 = {
			isa = PBXGroup;
			children = (
				652799243D2BEF4E5B7E34D5 /* Packages */,
				EDDFF8B62843241810A3F531 /* Resources */,
				852CFC1C0D03FE7967E700AA /* Sources */,
				C2DEE343E176258185B95328 /* Tests */,
				54701E5FE2188037820D21A7 /* Frameworks */,
				F25D5B8FD2D15F7D2AD5DB36 /* Products */,
			);
			sourceTree = "<group>";
		};
/* End PBXGroup section */

/* Begin PBXNativeTarget section */
		95284AD6E89B9B84191749DE /* AmgiApp */ = {
			isa = PBXNativeTarget;
			buildConfigurationList = 508649333842CC573F536F96 /* Build configuration list for PBXNativeTarget "AmgiApp" */;
			buildPhases = (
				C6234D2D0CDEA070ABE0CDBC /* Sources */,
				507BEFC74A9D1D4C5981265B /* Resources */,
				19B37F948ED2A792E3A74AC2 /* Frameworks */,
				410CE2AB2D9AFEF1B607231D /* Embed Foundation Extensions */,
			);
			buildRules = (
			);
			dependencies = (
				3267403ADAD9A214E1235DFB /* PBXTargetDependency */,
			);
			name = AmgiApp;
			packageProductDependencies = (
				EEE5266ACE0725F53E9703A8 /* AnkiKit */,
				9C12DFB8208798638ECB4C68 /* AnkiServices */,
				3FED5E304581C8F9AF5A7AA8 /* AnkiClients */,
				9F148DCECED472C7DE230AB6 /* AnkiSync */,
				F40C6D05700BCD9DB3969CD4 /* AnkiBackend */,
				5089B17C1D8C3637BE4FB0A9 /* AmgiCardWeb */,
				2BD648FA756A72588752BD8B /* AmgiReader */,
				DFF78E17542FA42887E61316 /* AmgiReaderDictionary */,
				DCE589747DD31E211851D79C /* AmgiTheme */,
				DAC2CBBCA214A6D82D147002 /* AmgiUI */,
				116C9E134761B3BF0647B3AF /* AmgiAppCore */,
				ACD15169111E238EEB55BFCB /* AmgiAppShared */,
				4116783E1BE6EA8C1C4481B9 /* AmgiCharts */,
				9620FA12A6D7E51DE075AA07 /* TemplatesFeature */,
				6134D4828EF9AAF6F6BB6DF6 /* StatsFeature */,
				2F8EB1A41829323C618C55E2 /* BrowseFeature */,
				4C469D6EF802EC825D6E2D20 /* SyncFeature */,
				CBE98F95767A0BAEE71ED603 /* ReaderFeature */,
				CF8C83822C8D9F7FB8575A15 /* AmgiReviewCore */,
				D0ABBAC0A47EAB612FE8A1DF /* ReviewFeature */,
				324C4DAD3E669D72C1F8C948 /* DecksFeature */,
				170EB4CD6203F3DC3701CEED /* SettingsFeature */,
				A83E8288FCBE678AC922CFF0 /* SwiftNavigation */,
				CA8CCDB6FCA0124A188DC0B8 /* SwiftUINavigation */,
				4F99E922EA9267E4EE4CD5D6 /* Sharing */,
			);
			productName = AmgiApp;
			productReference = DE61E854280804F08BB1DD31 /* AmgiApp.app */;
			productType = "com.apple.product-type.application";
		};
		9B3B324834735D7AA9620491 /* AmgiWidget */ = {
			isa = PBXNativeTarget;
			buildConfigurationList = BEB8DB7903F6F37B14F30E04 /* Build configuration list for PBXNativeTarget "AmgiWidget" */;
			buildPhases = (
				D810BE70AAE191E80D5A7779 /* Sources */,
				D96EE9D043C8D449AB3D1BF9 /* Resources */,
				13D1F5F67D6C828F4B9F1C8F /* Frameworks */,
			);
			buildRules = (
			);
			dependencies = (
			);
			fileSystemSynchronizedGroups = (
				004874923745BECF98EEBD18 /* Widgets */,
			);
			name = AmgiWidget;
			packageProductDependencies = (
				DDECB4DC220C7664DB15D012 /* WidgetFeature */,
			);
			productName = AmgiWidget;
			productReference = A837EB0A30B6E90B20D5C1CD /* AmgiWidget.appex */;
			productType = "com.apple.product-type.app-extension";
		};
		D799962EF4F5CA4D32203063 /* AmgiWatchApp */ = {
			isa = PBXNativeTarget;
			buildConfigurationList = 908CB68A40040DB509D966EA /* Build configuration list for PBXNativeTarget "AmgiWatchApp" */;
			buildPhases = (
				9B505B3DB3F7C871FAAEF781 /* Sources */,
				E369932CA4A46F6AC8C1E2C2 /* Frameworks */,
			);
			buildRules = (
			);
			dependencies = (
			);
			name = AmgiWatchApp;
			packageProductDependencies = (
				AB49118FC7A518B48ED09051 /* AnkiKit */,
				A8F51D85BA3DE2215333A244 /* AmgiTheme */,
				87D0CB2695723E94A8F6EEE4 /* AmgiUI */,
				38DEF6B96461889F8EAAAE48 /* AnkiServices */,
				1D9F9CD702DB5DC5DC8AAB30 /* AnkiClients */,
				1D52A2C890DE8794E39904C4 /* AnkiSync */,
				35974FDD258EB94D5852A939 /* AnkiBackend */,
				81149E565C8204F6F4E79A3F /* AmgiCardWeb */,
				22DC7EB8B98A3ED9E71AC3D1 /* AmgiAppCore */,
				16A0D6E4347ACFB21E40E615 /* AmgiCharts */,
				8A765015A79B5CB13C813D22 /* AmgiReviewCore */,
				704E7B1DEE3EB580AE3FDB2E /* WatchFeature */,
				5E4DD888EA7B00AFD7922CBF /* SwiftNavigation */,
				E246B9A74FC08245970AE0E4 /* Sharing */,
			);
			productName = AmgiWatchApp;
			productReference = E52A1F699FA8746826E4EAB0 /* AmgiWatchApp.app */;
			productType = "com.apple.product-type.application";
		};
		EE6CF1FAA191BC2F0404B752 /* AmgiAppTests */ = {
			isa = PBXNativeTarget;
			buildConfigurationList = 58D4FD6150D5056D529ECB74 /* Build configuration list for PBXNativeTarget "AmgiAppTests" */;
			buildPhases = (
				DF3E5D1678F30C6F12658444 /* Sources */,
				578672C92F93DCD94D12A37E /* Resources */,
			);
			buildRules = (
			);
			dependencies = (
				E964AF600C4985DF9D5F46A0 /* PBXTargetDependency */,
			);
			fileSystemSynchronizedGroups = (
				70BB06347ADF26FA0276AD23 /* AmgiAppTests */,
			);
			name = AmgiAppTests;
			packageProductDependencies = (
			);
			productName = AmgiAppTests;
			productReference = FEF6D1A33091968455963805 /* AmgiAppTests.xctest */;
			productType = "com.apple.product-type.bundle.unit-test";
		};
/* End PBXNativeTarget section */

/* Begin PBXProject section */
		CCE55545D9F1ABEDD48DB366 /* Project object */ = {
			isa = PBXProject;
			attributes = {
				BuildIndependentTargetsInParallel = YES;
				LastUpgradeCheck = 1430;
			};
			buildConfigurationList = BC4A80AD6076C8423E530840 /* Build configuration list for PBXProject "AmgiApp" */;
			developmentRegion = en;
			hasScannedForEncodings = 0;
			knownRegions = (
				Base,
				en,
			);
			mainGroup = F90D9C10E2CEF0656D9B04B5;
			minimizedProjectReferenceProxies = 1;
			packageReferences = (
				0654502C09BEED604C13D953 /* XCRemoteSwiftPackageReference "swift-navigation" */,
				7B720D20F213A6E6D8D5745C /* XCRemoteSwiftPackageReference "swift-sharing" */,
				A6B96AD4B0F992B1279DBDDE /* XCLocalSwiftPackageReference "../AmgiFeatures" */,
				FDF0EDB9E0DA0C1CAA19C4F8 /* XCLocalSwiftPackageReference "../AmgiReader" */,
				D199614CC61409C8E07A39EC /* XCLocalSwiftPackageReference "../AmgiUI" */,
				269F9635F97EDD12C747836B /* XCLocalSwiftPackageReference ".." */,
			);
			preferredProjectObjectVersion = 77;
			productRefGroup = F25D5B8FD2D15F7D2AD5DB36 /* Products */;
			projectDirPath = "";
			projectRoot = "";
			targets = (
				95284AD6E89B9B84191749DE /* AmgiApp */,
				9B3B324834735D7AA9620491 /* AmgiWidget */,
				D799962EF4F5CA4D32203063 /* AmgiWatchApp */,
				EE6CF1FAA191BC2F0404B752 /* AmgiAppTests */,
			);
		};
/* End PBXProject section */

/* Begin PBXResourcesBuildPhase section */
		507BEFC74A9D1D4C5981265B /* Resources */ = {
			isa = PBXResourcesBuildPhase;
			buildActionMask = 2147483647;
			files = (
				67A2ED31F59B08EBD06A4FED /* Assets.xcassets in Resources */,
				914745C4D1A6A52334194F09 /* EPUBReader in Resources */,
				9063E7D11DDAA9D8A7A0CF5D /* Fonts in Resources */,
				8AE5F2F0A719B566CC316F35 /* Review in Resources */,
				9E79CAC91DE4DC297BDB10DE /* mathjax in Resources */,
			);
			runOnlyForDeploymentPostprocessing = 0;
		};
		578672C92F93DCD94D12A37E /* Resources */ = {
			isa = PBXResourcesBuildPhase;
			buildActionMask = 2147483647;
			files = (
			);
			runOnlyForDeploymentPostprocessing = 0;
		};
		D96EE9D043C8D449AB3D1BF9 /* Resources */ = {
			isa = PBXResourcesBuildPhase;
			buildActionMask = 2147483647;
			files = (
			);
			runOnlyForDeploymentPostprocessing = 0;
		};
/* End PBXResourcesBuildPhase section */

/* Begin PBXSourcesBuildPhase section */
		9B505B3DB3F7C871FAAEF781 /* Sources */ = {
			isa = PBXSourcesBuildPhase;
			buildActionMask = 2147483647;
			files = (
				6CF26B3108E38F231B7113AC /* WatchApp.swift in Sources */,
			);
			runOnlyForDeploymentPostprocessing = 0;
		};
		C6234D2D0CDEA070ABE0CDBC /* Sources */ = {
			isa = PBXSourcesBuildPhase;
			buildActionMask = 2147483647;
			files = (
				BB3E89CDD647E53D949E751D /* AmgiAppApp.swift in Sources */,
				73BED515464AA8C80C765BFF /* ContentView.swift in Sources */,
			);
			runOnlyForDeploymentPostprocessing = 0;
		};
		D810BE70AAE191E80D5A7779 /* Sources */ = {
			isa = PBXSourcesBuildPhase;
			buildActionMask = 2147483647;
			files = (
			);
			runOnlyForDeploymentPostprocessing = 0;
		};
		DF3E5D1678F30C6F12658444 /* Sources */ = {
			isa = PBXSourcesBuildPhase;
			buildActionMask = 2147483647;
			files = (
			);
			runOnlyForDeploymentPostprocessing = 0;
		};
/* End PBXSourcesBuildPhase section */

/* Begin PBXTargetDependency section */
		3267403ADAD9A214E1235DFB /* PBXTargetDependency */ = {
			isa = PBXTargetDependency;
			target = 9B3B324834735D7AA9620491 /* AmgiWidget */;
			targetProxy = EE34BEA2D08D4B4B3CE4BF7A /* PBXContainerItemProxy */;
		};
		E964AF600C4985DF9D5F46A0 /* PBXTargetDependency */ = {
			isa = PBXTargetDependency;
			target = 95284AD6E89B9B84191749DE /* AmgiApp */;
			targetProxy = 405A1DF95A869267A4FF267C /* PBXContainerItemProxy */;
		};
/* End PBXTargetDependency section */

/* Begin XCBuildConfiguration section */
		01CDE097EE270648A3455BCC /* Release */ = {
			isa = XCBuildConfiguration;
			buildSettings = {
				ALWAYS_SEARCH_USER_PATHS = NO;
				CLANG_ANALYZER_NONNULL = YES;
				CLANG_ANALYZER_NUMBER_OBJECT_CONVERSION = YES_AGGRESSIVE;
				CLANG_CXX_LANGUAGE_STANDARD = "gnu++14";
				CLANG_CXX_LIBRARY = "libc++";
				CLANG_ENABLE_MODULES = YES;
				CLANG_ENABLE_OBJC_ARC = YES;
				CLANG_ENABLE_OBJC_WEAK = YES;
				CLANG_WARN_BLOCK_CAPTURE_AUTORELEASING = YES;
				CLANG_WARN_BOOL_CONVERSION = YES;
				CLANG_WARN_COMMA = YES;
				CLANG_WARN_CONSTANT_CONVERSION = YES;
				CLANG_WARN_DEPRECATED_OBJC_IMPLEMENTATIONS = YES;
				CLANG_WARN_DIRECT_OBJC_ISA_USAGE = YES_ERROR;
				CLANG_WARN_DOCUMENTATION_COMMENTS = YES;
				CLANG_WARN_EMPTY_BODY = YES;
				CLANG_WARN_ENUM_CONVERSION = YES;
				CLANG_WARN_INFINITE_RECURSION = YES;
				CLANG_WARN_INT_CONVERSION = YES;
				CLANG_WARN_NON_LITERAL_NULL_CONVERSION = YES;
				CLANG_WARN_OBJC_IMPLICIT_RETAIN_SELF = YES;
				CLANG_WARN_OBJC_LITERAL_CONVERSION = YES;
				CLANG_WARN_OBJC_ROOT_CLASS = YES_ERROR;
				CLANG_WARN_QUOTED_INCLUDE_IN_FRAMEWORK_HEADER = YES;
				CLANG_WARN_RANGE_LOOP_ANALYSIS = YES;
				CLANG_WARN_STRICT_PROTOTYPES = YES;
				CLANG_WARN_SUSPICIOUS_MOVE = YES;
				CLANG_WARN_UNGUARDED_AVAILABILITY = YES_AGGRESSIVE;
				CLANG_WARN_UNREACHABLE_CODE = YES;
				CLANG_WARN__DUPLICATE_METHOD_MATCH = YES;
				COMPILATION_CACHE_ENABLE_CACHING = YES;
				COPY_PHASE_STRIP = NO;
				CURRENT_PROJECT_VERSION = 6;
				DEBUG_INFORMATION_FORMAT = "dwarf-with-dsym";
				ENABLE_ENHANCED_SECURITY = YES;
				ENABLE_NS_ASSERTIONS = NO;
				ENABLE_POINTER_AUTHENTICATION = NO;
				ENABLE_STRICT_OBJC_MSGSEND = YES;
				ENABLE_TESTABILITY = NO;
				ENABLE_USER_SCRIPT_SANDBOXING = YES;
				GCC_C_LANGUAGE_STANDARD = gnu11;
				GCC_NO_COMMON_BLOCKS = YES;
				GCC_OPTIMIZATION_LEVEL = s;
				GCC_WARN_64_TO_32_BIT_CONVERSION = YES;
				GCC_WARN_ABOUT_RETURN_TYPE = YES_ERROR;
				GCC_WARN_UNDECLARED_SELECTOR = YES;
				GCC_WARN_UNINITIALIZED_AUTOS = YES_AGGRESSIVE;
				GCC_WARN_UNUSED_FUNCTION = YES;
				GCC_WARN_UNUSED_VARIABLE = YES;
				IPHONEOS_DEPLOYMENT_TARGET = 18.0;
				LOCALIZED_STRING_SWIFTUI_SUPPORT = YES;
				MARKETING_VERSION = 0.1.0;
				MTL_ENABLE_DEBUG_INFO = NO;
				MTL_FAST_MATH = YES;
				ONLY_ACTIVE_ARCH = NO;
				OTHER_SWIFT_FLAGS = "$(inherited) -enable-upcoming-feature NonisolatedNonsendingByDefault";
				PRODUCT_NAME = "$(TARGET_NAME)";
				STRING_CATALOG_GENERATE_SYMBOLS = YES;
				SWIFT_COMPILATION_MODE = wholemodule;
				SWIFT_OPTIMIZATION_LEVEL = "-O";
				SWIFT_STRICT_CONCURRENCY = complete;
				SWIFT_VERSION = 6.0;
				WATCHOS_DEPLOYMENT_TARGET = 11.0;
			};
			name = Release;
		};
		1D180DB342CB1285F3F30774 /* Debug */ = {
			isa = XCBuildConfiguration;
			buildSettings = {
				BUNDLE_LOADER = "$(TEST_HOST)";
				CLANG_CXX_LANGUAGE_STANDARD = "c++20";
				CLANG_CXX_LIBRARY = "libc++";
				GENERATE_INFOPLIST_FILE = YES;
				LD_RUNPATH_SEARCH_PATHS = (
					"$(inherited)",
					"@executable_path/Frameworks",
					"@loader_path/Frameworks",
				);
				OTHER_SWIFT_FLAGS = "$(inherited) -cxx-interoperability-mode=default";
				PRODUCT_BUNDLE_IDENTIFIER = com.amgiapp.AmgiAppTests;
				SDKROOT = iphoneos;
				SWIFT_CXX_INTEROPERABILITY_MODE = default;
				TARGETED_DEVICE_FAMILY = "1,2";
				TEST_HOST = "$(BUILT_PRODUCTS_DIR)/AmgiApp.app/AmgiApp";
			};
			name = Debug;
		};
		48CAD2B8E5E76236A9CE3FF8 /* Release */ = {
			isa = XCBuildConfiguration;
			buildSettings = {
				ASSETCATALOG_COMPILER_APPICON_NAME = AppIcon;
				CLANG_CXX_LANGUAGE_STANDARD = "c++20";
				CLANG_CXX_LIBRARY = "libc++";
				CODE_SIGN_ENTITLEMENTS = AmgiApp.entitlements;
				CODE_SIGN_IDENTITY = "iPhone Developer";
				DEVELOPMENT_TEAM = WMWSB972VT;
				INFOPLIST_FILE = Info.plist;
				LD_RUNPATH_SEARCH_PATHS = (
					"$(inherited)",
					"@executable_path/Frameworks",
				);
				OTHER_SWIFT_FLAGS = "$(inherited) -cxx-interoperability-mode=default";
				PRODUCT_BUNDLE_IDENTIFIER = com.amgiapp.AmgiApp;
				SDKROOT = iphoneos;
				SWIFT_CXX_INTEROPERABILITY_MODE = default;
				TARGETED_DEVICE_FAMILY = "1,2";
			};
			name = Release;
		};
		50D2E3D69F1AC5A7F66FE08C /* Release */ = {
			isa = XCBuildConfiguration;
			buildSettings = {
				ASSETCATALOG_COMPILER_APPICON_NAME = AppIcon;
				GENERATE_INFOPLIST_FILE = YES;
				INFOPLIST_KEY_WKCompanionAppBundleIdentifier = com.amgiapp.AmgiApp;
				PRODUCT_BUNDLE_IDENTIFIER = com.amgiapp.AmgiApp.watch;
				SDKROOT = watchos;
				SKIP_INSTALL = YES;
				TARGETED_DEVICE_FAMILY = 4;
			};
			name = Release;
		};
		5987A44A773D53DA29C4E928 /* Release */ = {
			isa = XCBuildConfiguration;
			buildSettings = {
				BUNDLE_LOADER = "$(TEST_HOST)";
				CLANG_CXX_LANGUAGE_STANDARD = "c++20";
				CLANG_CXX_LIBRARY = "libc++";
				GENERATE_INFOPLIST_FILE = YES;
				LD_RUNPATH_SEARCH_PATHS = (
					"$(inherited)",
					"@executable_path/Frameworks",
					"@loader_path/Frameworks",
				);
				OTHER_SWIFT_FLAGS = "$(inherited) -cxx-interoperability-mode=default";
				PRODUCT_BUNDLE_IDENTIFIER = com.amgiapp.AmgiAppTests;
				SDKROOT = iphoneos;
				SWIFT_CXX_INTEROPERABILITY_MODE = default;
				TARGETED_DEVICE_FAMILY = "1,2";
				TEST_HOST = "$(BUILT_PRODUCTS_DIR)/AmgiApp.app/AmgiApp";
			};
			name = Release;
		};
		B2FEE2CDEFFBD12DCDE488BA /* Debug */ = {
			isa = XCBuildConfiguration;
			buildSettings = {
				ASSETCATALOG_COMPILER_APPICON_NAME = AppIcon;
				GENERATE_INFOPLIST_FILE = YES;
				INFOPLIST_KEY_WKCompanionAppBundleIdentifier = com.amgiapp.AmgiApp;
				PRODUCT_BUNDLE_IDENTIFIER = com.amgiapp.AmgiApp.watch;
				SDKROOT = watchos;
				SKIP_INSTALL = YES;
				TARGETED_DEVICE_FAMILY = 4;
			};
			name = Debug;
		};
		B9DA3DD5F83727DB538B5362 /* Debug */ = {
			isa = XCBuildConfiguration;
			buildSettings = {
				ALWAYS_SEARCH_USER_PATHS = NO;
				CLANG_ANALYZER_NONNULL = YES;
				CLANG_ANALYZER_NUMBER_OBJECT_CONVERSION = YES_AGGRESSIVE;
				CLANG_CXX_LANGUAGE_STANDARD = "gnu++14";
				CLANG_CXX_LIBRARY = "libc++";
				CLANG_ENABLE_MODULES = YES;
				CLANG_ENABLE_OBJC_ARC = YES;
				CLANG_ENABLE_OBJC_WEAK = YES;
				CLANG_WARN_BLOCK_CAPTURE_AUTORELEASING = YES;
				CLANG_WARN_BOOL_CONVERSION = YES;
				CLANG_WARN_COMMA = YES;
				CLANG_WARN_CONSTANT_CONVERSION = YES;
				CLANG_WARN_DEPRECATED_OBJC_IMPLEMENTATIONS = YES;
				CLANG_WARN_DIRECT_OBJC_ISA_USAGE = YES_ERROR;
				CLANG_WARN_DOCUMENTATION_COMMENTS = YES;
				CLANG_WARN_EMPTY_BODY = YES;
				CLANG_WARN_ENUM_CONVERSION = YES;
				CLANG_WARN_INFINITE_RECURSION = YES;
				CLANG_WARN_INT_CONVERSION = YES;
				CLANG_WARN_NON_LITERAL_NULL_CONVERSION = YES;
				CLANG_WARN_OBJC_IMPLICIT_RETAIN_SELF = YES;
				CLANG_WARN_OBJC_LITERAL_CONVERSION = YES;
				CLANG_WARN_OBJC_ROOT_CLASS = YES_ERROR;
				CLANG_WARN_QUOTED_INCLUDE_IN_FRAMEWORK_HEADER = YES;
				CLANG_WARN_RANGE_LOOP_ANALYSIS = YES;
				CLANG_WARN_STRICT_PROTOTYPES = YES;
				CLANG_WARN_SUSPICIOUS_MOVE = YES;
				CLANG_WARN_UNGUARDED_AVAILABILITY = YES_AGGRESSIVE;
				CLANG_WARN_UNREACHABLE_CODE = YES;
				CLANG_WARN__DUPLICATE_METHOD_MATCH = YES;
				COMPILATION_CACHE_ENABLE_CACHING = YES;
				COPY_PHASE_STRIP = NO;
				CURRENT_PROJECT_VERSION = 6;
				DEBUG_INFORMATION_FORMAT = dwarf;
				EAGER_LINKING = YES;
				ENABLE_ENHANCED_SECURITY = YES;
				ENABLE_POINTER_AUTHENTICATION = NO;
				ENABLE_STRICT_OBJC_MSGSEND = YES;
				ENABLE_TESTABILITY = YES;
				ENABLE_USER_SCRIPT_SANDBOXING = YES;
				GCC_C_LANGUAGE_STANDARD = gnu11;
				GCC_DYNAMIC_NO_PIC = NO;
				GCC_NO_COMMON_BLOCKS = YES;
				GCC_OPTIMIZATION_LEVEL = 0;
				GCC_PREPROCESSOR_DEFINITIONS = (
					"$(inherited)",
					"DEBUG=1",
				);
				GCC_WARN_64_TO_32_BIT_CONVERSION = YES;
				GCC_WARN_ABOUT_RETURN_TYPE = YES_ERROR;
				GCC_WARN_UNDECLARED_SELECTOR = YES;
				GCC_WARN_UNINITIALIZED_AUTOS = YES_AGGRESSIVE;
				GCC_WARN_UNUSED_FUNCTION = YES;
				GCC_WARN_UNUSED_VARIABLE = YES;
				IPHONEOS_DEPLOYMENT_TARGET = 18.0;
				LOCALIZED_STRING_SWIFTUI_SUPPORT = YES;
				MARKETING_VERSION = 0.1.0;
				MTL_ENABLE_DEBUG_INFO = INCLUDE_SOURCE;
				MTL_FAST_MATH = YES;
				ONLY_ACTIVE_ARCH = YES;
				OTHER_SWIFT_FLAGS = "$(inherited) -enable-upcoming-feature NonisolatedNonsendingByDefault";
				PRODUCT_NAME = "$(TARGET_NAME)";
				STRING_CATALOG_GENERATE_SYMBOLS = YES;
				SWIFT_ACTIVE_COMPILATION_CONDITIONS = DEBUG;
				SWIFT_OPTIMIZATION_LEVEL = "-Onone";
				SWIFT_STRICT_CONCURRENCY = complete;
				SWIFT_VERSION = 6.0;
				WATCHOS_DEPLOYMENT_TARGET = 11.0;
			};
			name = Debug;
		};
		BCA1A313BD0827666D6635B3 /* Debug */ = {
			isa = XCBuildConfiguration;
			buildSettings = {
				ASSETCATALOG_COMPILER_APPICON_NAME = AppIcon;
				CLANG_CXX_LANGUAGE_STANDARD = "c++20";
				CLANG_CXX_LIBRARY = "libc++";
				CODE_SIGN_ENTITLEMENTS = AmgiApp.entitlements;
				CODE_SIGN_IDENTITY = "iPhone Developer";
				DEVELOPMENT_TEAM = WMWSB972VT;
				INFOPLIST_FILE = Info.plist;
				LD_RUNPATH_SEARCH_PATHS = (
					"$(inherited)",
					"@executable_path/Frameworks",
				);
				OTHER_SWIFT_FLAGS = "$(inherited) -cxx-interoperability-mode=default";
				PRODUCT_BUNDLE_IDENTIFIER = com.amgiapp.AmgiApp;
				SDKROOT = iphoneos;
				SWIFT_CXX_INTEROPERABILITY_MODE = default;
				TARGETED_DEVICE_FAMILY = "1,2";
			};
			name = Debug;
		};
		CDA499720B04E282D7607B17 /* Debug */ = {
			isa = XCBuildConfiguration;
			buildSettings = {
				CODE_SIGN_ENTITLEMENTS = AmgiWidget.entitlements;
				INFOPLIST_FILE = Sources/Widgets/Info.plist;
				LD_RUNPATH_SEARCH_PATHS = (
					"$(inherited)",
					"@executable_path/Frameworks",
					"@executable_path/../../Frameworks",
				);
				PRODUCT_BUNDLE_IDENTIFIER = com.amgiapp.AmgiApp.widget;
				SDKROOT = iphoneos;
				TARGETED_DEVICE_FAMILY = "1,2";
			};
			name = Debug;
		};
		DA5608BBDBA218288D59134B /* Release */ = {
			isa = XCBuildConfiguration;
			buildSettings = {
				CODE_SIGN_ENTITLEMENTS = AmgiWidget.entitlements;
				INFOPLIST_FILE = Sources/Widgets/Info.plist;
				LD_RUNPATH_SEARCH_PATHS = (
					"$(inherited)",
					"@executable_path/Frameworks",
					"@executable_path/../../Frameworks",
				);
				PRODUCT_BUNDLE_IDENTIFIER = com.amgiapp.AmgiApp.widget;
				SDKROOT = iphoneos;
				TARGETED_DEVICE_FAMILY = "1,2";
			};
			name = Release;
		};
/* End XCBuildConfiguration section */

/* Begin XCConfigurationList section */
		508649333842CC573F536F96 /* Build configuration list for PBXNativeTarget "AmgiApp" */ = {
			isa = XCConfigurationList;
			buildConfigurations = (
				BCA1A313BD0827666D6635B3 /* Debug */,
				48CAD2B8E5E76236A9CE3FF8 /* Release */,
			);
			defaultConfigurationIsVisible = 0;
			defaultConfigurationName = Debug;
		};
		58D4FD6150D5056D529ECB74 /* Build configuration list for PBXNativeTarget "AmgiAppTests" */ = {
			isa = XCConfigurationList;
			buildConfigurations = (
				1D180DB342CB1285F3F30774 /* Debug */,
				5987A44A773D53DA29C4E928 /* Release */,
			);
			defaultConfigurationIsVisible = 0;
			defaultConfigurationName = Debug;
		};
		908CB68A40040DB509D966EA /* Build configuration list for PBXNativeTarget "AmgiWatchApp" */ = {
			isa = XCConfigurationList;
			buildConfigurations = (
				B2FEE2CDEFFBD12DCDE488BA /* Debug */,
				50D2E3D69F1AC5A7F66FE08C /* Release */,
			);
			defaultConfigurationIsVisible = 0;
			defaultConfigurationName = Debug;
		};
		BC4A80AD6076C8423E530840 /* Build configuration list for PBXProject "AmgiApp" */ = {
			isa = XCConfigurationList;
			buildConfigurations = (
				B9DA3DD5F83727DB538B5362 /* Debug */,
				01CDE097EE270648A3455BCC /* Release */,
			);
			defaultConfigurationIsVisible = 0;
			defaultConfigurationName = Debug;
		};
		BEB8DB7903F6F37B14F30E04 /* Build configuration list for PBXNativeTarget "AmgiWidget" */ = {
			isa = XCConfigurationList;
			buildConfigurations = (
				CDA499720B04E282D7607B17 /* Debug */,
				DA5608BBDBA218288D59134B /* Release */,
			);
			defaultConfigurationIsVisible = 0;
			defaultConfigurationName = Debug;
		};
/* End XCConfigurationList section */

/* Begin XCLocalSwiftPackageReference section */
		269F9635F97EDD12C747836B /* XCLocalSwiftPackageReference ".." */ = {
			isa = XCLocalSwiftPackageReference;
			relativePath = ..;
		};
		A6B96AD4B0F992B1279DBDDE /* XCLocalSwiftPackageReference "../AmgiFeatures" */ = {
			isa = XCLocalSwiftPackageReference;
			relativePath = ../AmgiFeatures;
		};
		D199614CC61409C8E07A39EC /* XCLocalSwiftPackageReference "../AmgiUI" */ = {
			isa = XCLocalSwiftPackageReference;
			relativePath = ../AmgiUI;
		};
		FDF0EDB9E0DA0C1CAA19C4F8 /* XCLocalSwiftPackageReference "../AmgiReader" */ = {
			isa = XCLocalSwiftPackageReference;
			relativePath = ../AmgiReader;
		};
/* End XCLocalSwiftPackageReference section */

/* Begin XCRemoteSwiftPackageReference section */
		0654502C09BEED604C13D953 /* XCRemoteSwiftPackageReference "swift-navigation" */ = {
			isa = XCRemoteSwiftPackageReference;
			repositoryURL = "https://github.com/pointfreeco/swift-navigation";
			requirement = {
				kind = upToNextMajorVersion;
				minimumVersion = 2.0.0;
			};
		};
		7B720D20F213A6E6D8D5745C /* XCRemoteSwiftPackageReference "swift-sharing" */ = {
			isa = XCRemoteSwiftPackageReference;
			repositoryURL = "https://github.com/pointfreeco/swift-sharing";
			requirement = {
				kind = upToNextMajorVersion;
				minimumVersion = 2.0.0;
			};
		};
/* End XCRemoteSwiftPackageReference section */

/* Begin XCSwiftPackageProductDependency section */
		116C9E134761B3BF0647B3AF /* AmgiAppCore */ = {
			isa = XCSwiftPackageProductDependency;
			productName = AmgiAppCore;
		};
		16A0D6E4347ACFB21E40E615 /* AmgiCharts */ = {
			isa = XCSwiftPackageProductDependency;
			productName = AmgiCharts;
		};
		170EB4CD6203F3DC3701CEED /* SettingsFeature */ = {
			isa = XCSwiftPackageProductDependency;
			productName = SettingsFeature;
		};
		1D52A2C890DE8794E39904C4 /* AnkiSync */ = {
			isa = XCSwiftPackageProductDependency;
			productName = AnkiSync;
		};
		1D9F9CD702DB5DC5DC8AAB30 /* AnkiClients */ = {
			isa = XCSwiftPackageProductDependency;
			productName = AnkiClients;
		};
		22DC7EB8B98A3ED9E71AC3D1 /* AmgiAppCore */ = {
			isa = XCSwiftPackageProductDependency;
			productName = AmgiAppCore;
		};
		2BD648FA756A72588752BD8B /* AmgiReader */ = {
			isa = XCSwiftPackageProductDependency;
			productName = AmgiReader;
		};
		2F8EB1A41829323C618C55E2 /* BrowseFeature */ = {
			isa = XCSwiftPackageProductDependency;
			productName = BrowseFeature;
		};
		324C4DAD3E669D72C1F8C948 /* DecksFeature */ = {
			isa = XCSwiftPackageProductDependency;
			productName = DecksFeature;
		};
		35974FDD258EB94D5852A939 /* AnkiBackend */ = {
			isa = XCSwiftPackageProductDependency;
			productName = AnkiBackend;
		};
		38DEF6B96461889F8EAAAE48 /* AnkiServices */ = {
			isa = XCSwiftPackageProductDependency;
			productName = AnkiServices;
		};
		3FED5E304581C8F9AF5A7AA8 /* AnkiClients */ = {
			isa = XCSwiftPackageProductDependency;
			productName = AnkiClients;
		};
		4116783E1BE6EA8C1C4481B9 /* AmgiCharts */ = {
			isa = XCSwiftPackageProductDependency;
			productName = AmgiCharts;
		};
		4C469D6EF802EC825D6E2D20 /* SyncFeature */ = {
			isa = XCSwiftPackageProductDependency;
			productName = SyncFeature;
		};
		4F99E922EA9267E4EE4CD5D6 /* Sharing */ = {
			isa = XCSwiftPackageProductDependency;
			package = 7B720D20F213A6E6D8D5745C /* XCRemoteSwiftPackageReference "swift-sharing" */;
			productName = Sharing;
		};
		5089B17C1D8C3637BE4FB0A9 /* AmgiCardWeb */ = {
			isa = XCSwiftPackageProductDependency;
			productName = AmgiCardWeb;
		};
		5E4DD888EA7B00AFD7922CBF /* SwiftNavigation */ = {
			isa = XCSwiftPackageProductDependency;
			package = 0654502C09BEED604C13D953 /* XCRemoteSwiftPackageReference "swift-navigation" */;
			productName = SwiftNavigation;
		};
		6134D4828EF9AAF6F6BB6DF6 /* StatsFeature */ = {
			isa = XCSwiftPackageProductDependency;
			productName = StatsFeature;
		};
		704E7B1DEE3EB580AE3FDB2E /* WatchFeature */ = {
			isa = XCSwiftPackageProductDependency;
			productName = WatchFeature;
		};
		81149E565C8204F6F4E79A3F /* AmgiCardWeb */ = {
			isa = XCSwiftPackageProductDependency;
			productName = AmgiCardWeb;
		};
		87D0CB2695723E94A8F6EEE4 /* AmgiUI */ = {
			isa = XCSwiftPackageProductDependency;
			productName = AmgiUI;
		};
		8A765015A79B5CB13C813D22 /* AmgiReviewCore */ = {
			isa = XCSwiftPackageProductDependency;
			productName = AmgiReviewCore;
		};
		9620FA12A6D7E51DE075AA07 /* TemplatesFeature */ = {
			isa = XCSwiftPackageProductDependency;
			productName = TemplatesFeature;
		};
		9C12DFB8208798638ECB4C68 /* AnkiServices */ = {
			isa = XCSwiftPackageProductDependency;
			productName = AnkiServices;
		};
		9F148DCECED472C7DE230AB6 /* AnkiSync */ = {
			isa = XCSwiftPackageProductDependency;
			productName = AnkiSync;
		};
		A83E8288FCBE678AC922CFF0 /* SwiftNavigation */ = {
			isa = XCSwiftPackageProductDependency;
			package = 0654502C09BEED604C13D953 /* XCRemoteSwiftPackageReference "swift-navigation" */;
			productName = SwiftNavigation;
		};
		A8F51D85BA3DE2215333A244 /* AmgiTheme */ = {
			isa = XCSwiftPackageProductDependency;
			productName = AmgiTheme;
		};
		AB49118FC7A518B48ED09051 /* AnkiKit */ = {
			isa = XCSwiftPackageProductDependency;
			productName = AnkiKit;
		};
		ACD15169111E238EEB55BFCB /* AmgiAppShared */ = {
			isa = XCSwiftPackageProductDependency;
			productName = AmgiAppShared;
		};
		CA8CCDB6FCA0124A188DC0B8 /* SwiftUINavigation */ = {
			isa = XCSwiftPackageProductDependency;
			package = 0654502C09BEED604C13D953 /* XCRemoteSwiftPackageReference "swift-navigation" */;
			productName = SwiftUINavigation;
		};
		CBE98F95767A0BAEE71ED603 /* ReaderFeature */ = {
			isa = XCSwiftPackageProductDependency;
			productName = ReaderFeature;
		};
		CF8C83822C8D9F7FB8575A15 /* AmgiReviewCore */ = {
			isa = XCSwiftPackageProductDependency;
			productName = AmgiReviewCore;
		};
		D0ABBAC0A47EAB612FE8A1DF /* ReviewFeature */ = {
			isa = XCSwiftPackageProductDependency;
			productName = ReviewFeature;
		};
		DAC2CBBCA214A6D82D147002 /* AmgiUI */ = {
			isa = XCSwiftPackageProductDependency;
			productName = AmgiUI;
		};
		DCE589747DD31E211851D79C /* AmgiTheme */ = {
			isa = XCSwiftPackageProductDependency;
			productName = AmgiTheme;
		};
		DDECB4DC220C7664DB15D012 /* WidgetFeature */ = {
			isa = XCSwiftPackageProductDependency;
			productName = WidgetFeature;
		};
		DFF78E17542FA42887E61316 /* AmgiReaderDictionary */ = {
			isa = XCSwiftPackageProductDependency;
			productName = AmgiReaderDictionary;
		};
		E246B9A74FC08245970AE0E4 /* Sharing */ = {
			isa = XCSwiftPackageProductDependency;
			package = 7B720D20F213A6E6D8D5745C /* XCRemoteSwiftPackageReference "swift-sharing" */;
			productName = Sharing;
		};
		EEE5266ACE0725F53E9703A8 /* AnkiKit */ = {
			isa = XCSwiftPackageProductDependency;
			productName = AnkiKit;
		};
		F40C6D05700BCD9DB3969CD4 /* AnkiBackend */ = {
			isa = XCSwiftPackageProductDependency;
			productName = AnkiBackend;
		};
/* End XCSwiftPackageProductDependency section */
	};
	rootObject = CCE55545D9F1ABEDD48DB366 /* Project object */;
}
