// !$*UTF8*$!
{
	archiveVersion = 1;
	classes = {
	};
	objectVersion = 77;
	objects = {

/* Begin PBXBuildFile section */
		036A4625F27B308AC8035966 /* SettingsControls.swift in Sources */ = {isa = PBXBuildFile; fileRef = E0DAB1812F24856DD3CC942C /* SettingsControls.swift */; };
		040033C6E335CD8EF283273C /* StatsFeature in Frameworks */ = {isa = PBXBuildFile; productRef = 6134D4828EF9AAF6F6BB6DF6 /* StatsFeature */; };
		0453D87A64F5D97716D53E90 /* CardWebViewCoordinator.swift in Sources */ = {isa = PBXBuildFile; fileRef = 342022B67A1EDBA3B371E543 /* CardWebViewCoordinator.swift */; };
		05B3C09F3B96E96D972F0424 /* SwiftUI.framework in Frameworks */ = {isa = PBXBuildFile; fileRef = CAE0DE68DC7E04F773A57E14 /* SwiftUI.framework */; };
		069FB7721A08F39D6E8271DB /* CreateDeckSheet.swift in Sources */ = {isa = PBXBuildFile; fileRef = FB1E8833CDEE89A28A9D590E /* CreateDeckSheet.swift */; };
		077F0910DA0E5D6380FF6EA3 /* NativeCardView.swift in Sources */ = {isa = PBXBuildFile; fileRef = FCC3551579976335678100B5 /* NativeCardView.swift */; };
		0A9E1DE31E09FBDF10CD981D /* ReviewSession.swift in Sources */ = {isa = PBXBuildFile; fileRef = 87E19F9B850C7DB93BC33F8E /* ReviewSession.swift */; };
		0F40C1E8847A0ABB57C180F5 /* ReviewView.swift in Sources */ = {isa = PBXBuildFile; fileRef = 4CB7489D2E74B5E73B594C7A /* ReviewView.swift */; };
		0FDF34D6806933E95B721D02 /* NativeCardAudioPlayer.swift in Sources */ = {isa = PBXBuildFile; fileRef = 5E31C7A88FD8DD161F56C876 /* NativeCardAudioPlayer.swift */; };
		125CB371BB8CCAEE250459BD /* AmgiAppCore in Frameworks */ = {isa = PBXBuildFile; productRef = 116C9E134761B3BF0647B3AF /* AmgiAppCore */; };
		1795F1391A509C8FDDC7E9EA /* AmgiAppCore in Frameworks */ = {isa = PBXBuildFile; productRef = FD00F2AAC2D276FA1DA66C53 /* AmgiAppCore */; };
		1CCF36BA63528C1E2FA3F9FD /* AnkiClients in Frameworks */ = {isa = PBXBuildFile; productRef = 1D9F9CD702DB5DC5DC8AAB30 /* AnkiClients */; };
		1E1BF8ADFE7DAF00588543FE /* CardRenderingSettingsView.swift in Sources */ = {isa = PBXBuildFile; fileRef = AF59E5D2AE1125143F501D42 /* CardRenderingSettingsView.swift */; };
		207D99D4CAFE4F1300F72217 /* DeckConfigView.swift in Sources */ = {isa = PBXBuildFile; fileRef = 1F01B084E8AEB14A0BAD24F3 /* DeckConfigView.swift */; };
		25295E65FF027CFDAAB366BC /* AmgiTheme in Frameworks */ = {isa = PBXBuildFile; productRef = F965A812044E53C1A2FD5A8F /* AmgiTheme */; };
		299B005188E1C31734C0AFF2 /* EmptyCardsModel.swift in Sources */ = {isa = PBXBuildFile; fileRef = 8D9E6184822FCB210E41A5E8 /* EmptyCardsModel.swift */; };
		2B3722F4A958BE92E88FC2C5 /* CardWebView.swift in Sources */ = {isa = PBXBuildFile; fileRef = E265F3067C4AA7E4D05DD2FC /* CardWebView.swift */; };
		2CAB5110CCB01AF10B974D9E /* DeckConfigModel.swift in Sources */ = {isa = PBXBuildFile; fileRef = FEBEEEE92DE49D8289A00FC5 /* DeckConfigModel.swift */; };
		2F43663149BBF09CD9A48432 /* DeckImportModifier.swift in Sources */ = {isa = PBXBuildFile; fileRef = 294159A0F3FE92450BEAEA05 /* DeckImportModifier.swift */; };
		2F6CCEA4FF8B775FCA9299DA /* WidgetKit.framework in Frameworks */ = {isa = PBXBuildFile; fileRef = 2B60A11C277A30E8180CB0F1 /* WidgetKit.framework */; };
		300C45BEA20065427F563AAD /* AmgiAppCore in Frameworks */ = {isa = PBXBuildFile; productRef = 22DC7EB8B98A3ED9E71AC3D1 /* AmgiAppCore */; };
		31DFB8BCCF69A31D87858FFB /* WatchLoginView.swift in Sources */ = {isa = PBXBuildFile; fileRef = 57514F10406A5930D1E01B7F /* WatchLoginView.swift */; };
		34270B208122270BAC697B31 /* AmgiReader in Frameworks */ = {isa = PBXBuildFile; productRef = 2BD648FA756A72588752BD8B /* AmgiReader */; };
		360BEED33A882BB8C8A9141A /* WatchStatsView.swift in Sources */ = {isa = PBXBuildFile; fileRef = 3D443C314BCDE2081B6CF7B2 /* WatchStatsView.swift */; };
		391CC0DC3F78804CB9D4F2A7 /* RatingBar.swift in Sources */ = {isa = PBXBuildFile; fileRef = 2CF9227A3F798C67AD696F1A /* RatingBar.swift */; };
		3D268B4CF0BCA67EC007563F /* WatchReviewView.swift in Sources */ = {isa = PBXBuildFile; fileRef = 9761A12271BD9A8498A7B14E /* WatchReviewView.swift */; };
		402596FE0D7AF17DA2F8B746 /* ProfilePickerMenu.swift in Sources */ = {isa = PBXBuildFile; fileRef = 9D1DE64E39F2A91CE8DDB346 /* ProfilePickerMenu.swift */; };
		4806E64030A4EBAA1A2DF239 /* AnkiKit in Frameworks */ = {isa = PBXBuildFile; productRef = AB49118FC7A518B48ED09051 /* AnkiKit */; };
		49104EDF36126D6FEB4063F4 /* RetroactiveIdentifiable.swift in Sources */ = {isa = PBXBuildFile; fileRef = 843DF8545ED1E3A956981DB1 /* RetroactiveIdentifiable.swift */; };
		4D082714A42AC42E79311B2B /* SwiftUINavigation in Frameworks */ = {isa = PBXBuildFile; productRef = CA8CCDB6FCA0124A188DC0B8 /* SwiftUINavigation */; };
		5197DE6744C39404AA7BCC59 /* AmgiCharts in Frameworks */ = {isa = PBXBuildFile; productRef = 16A0D6E4347ACFB21E40E615 /* AmgiCharts */; };
		5206D53A52E116E129C0E956 /* AnkiSync in Frameworks */ = {isa = PBXBuildFile; productRef = 1D52A2C890DE8794E39904C4 /* AnkiSync */; };
		538DDAEB25D5AA09A680B4C8 /* MaintenanceModel.swift in Sources */ = {isa = PBXBuildFile; fileRef = B4AB1EE3736034B9FBBAD23A /* MaintenanceModel.swift */; };
		556FBD2BE239FF491BAAECB2 /* BrowseFeature in Frameworks */ = {isa = PBXBuildFile; productRef = 2F8EB1A41829323C618C55E2 /* BrowseFeature */; };
		570828091E1FF534441427EA /* DebugView.swift in Sources */ = {isa = PBXBuildFile; fileRef = B219D0FE129E5978B1B69180 /* DebugView.swift */; };
		58748C29E5AD3E1016379941 /* DeckDetailBanners.swift in Sources */ = {isa = PBXBuildFile; fileRef = 1CDB5889BB8BBF41384CF365 /* DeckDetailBanners.swift */; };
		58CAEF6BE5C190FC9FE8D511 /* AmgiTheme in Frameworks */ = {isa = PBXBuildFile; productRef = DCE589747DD31E211851D79C /* AmgiTheme */; };
		5AC7AEF49C47D4B2562630EC /* WatchDeckListView.swift in Sources */ = {isa = PBXBuildFile; fileRef = A60169056780E6B8795FACC7 /* WatchDeckListView.swift */; };
		5E16449905162CE9B2405DF5 /* AccountsSettingsView.swift in Sources */ = {isa = PBXBuildFile; fileRef = 4E84263F2AEE7DF0EDCFDAC5 /* AccountsSettingsView.swift */; };
		5F5B77D77DD4749D9539DE34 /* SwiftNavigation in Frameworks */ = {isa = PBXBuildFile; productRef = 5E4DD888EA7B00AFD7922CBF /* SwiftNavigation */; };
		626B8BFD9C75DACBE6B13B2A /* DeckConfigPresentations.swift in Sources */ = {isa = PBXBuildFile; fileRef = 4AB517EE732AD3C0F9592440 /* DeckConfigPresentations.swift */; };
		6510AAE691D538C1629A6D12 /* DeckDetailView.swift in Sources */ = {isa = PBXBuildFile; fileRef = C550C2CF61A0255A45E54490 /* DeckDetailView.swift */; };
		652134A3080AAB2E8524794F /* AnkiKit in Frameworks */ = {isa = PBXBuildFile; productRef = D17643555D7431BE694A9400 /* AnkiKit */; };
		67A095604A636B213AA9661B /* RenderModeSheet.swift in Sources */ = {isa = PBXBuildFile; fileRef = 431515739A7B48EA43995E77 /* RenderModeSheet.swift */; };
		67A2ED31F59B08EBD06A4FED /* Assets.xcassets in Resources */ = {isa = PBXBuildFile; fileRef = A12D2167226A912462BF60EA /* Assets.xcassets */; };
		6932C86281AB9089FDCF9C6B /* AnkiServices in Frameworks */ = {isa = PBXBuildFile; productRef = 9C12DFB8208798638ECB4C68 /* AnkiServices */; };
		699E53E6B7048305A4A14AD3 /* TemplateRenderOverrides.swift in Sources */ = {isa = PBXBuildFile; fileRef = ADC76DAE329952EF324AD007 /* TemplateRenderOverrides.swift */; };
		6B10979FEE38C6E41A306E60 /* SyncFeature in Frameworks */ = {isa = PBXBuildFile; productRef = 4C469D6EF802EC825D6E2D20 /* SyncFeature */; };
		6C368FB5E07B73E570F9F747 /* DeckConfigSections.swift in Sources */ = {isa = PBXBuildFile; fileRef = CE853DC6E2F11AC692D27C64 /* DeckConfigSections.swift */; };
		6C75D6E4500FC310A8EAE524 /* MainTabView.swift in Sources */ = {isa = PBXBuildFile; fileRef = A745D7266B06FFE28B219996 /* MainTabView.swift */; };
		6CF26B3108E38F231B7113AC /* WatchApp.swift in Sources */ = {isa = PBXBuildFile; fileRef = 86204AF7D14861EEF82FF7E2 /* WatchApp.swift */; };
		6D783B1E6B06D55C4F3CDB41 /* SettingsView.swift in Sources */ = {isa = PBXBuildFile; fileRef = BFF13DB7D64E209817493CD6 /* SettingsView.swift */; };
		71A1B053966773D1157AA618 /* AnkiClients in Frameworks */ = {isa = PBXBuildFile; productRef = 3FED5E304581C8F9AF5A7AA8 /* AnkiClients */; };
		73BED515464AA8C80C765BFF /* ContentView.swift in Sources */ = {isa = PBXBuildFile; fileRef = 44792958B343213988DC8FFB /* ContentView.swift */; };
		75380F9BE33B85F31F5A5279 /* DeckConfigDestination.swift in Sources */ = {isa = PBXBuildFile; fileRef = 38C8B5391D7B0EAE1162DC3A /* DeckConfigDestination.swift */; };
		7C4497B5B8FEB2820FD860B0 /* TemplatesFeature in Frameworks */ = {isa = PBXBuildFile; productRef = 9620FA12A6D7E51DE075AA07 /* TemplatesFeature */; };
		7C46534E4D979D315641F713 /* AnkiSync in Frameworks */ = {isa = PBXBuildFile; productRef = 9F148DCECED472C7DE230AB6 /* AnkiSync */; };
		7EC529DC6A312F24FC8069FD /* CardWebViewConfig.swift in Sources */ = {isa = PBXBuildFile; fileRef = 3D87C8D1EA1497775B548D36 /* CardWebViewConfig.swift */; };
		8037088122D7F4739E1D412A /* AnkiKit in Frameworks */ = {isa = PBXBuildFile; productRef = EEE5266ACE0725F53E9703A8 /* AnkiKit */; };
		83F1DF368A5E6702585B868F /* FsrsSimulator.swift in Sources */ = {isa = PBXBuildFile; fileRef = B4CB05F4513DD8B5ADD54B98 /* FsrsSimulator.swift */; };
		85730DEFCB36C5C27D16DFBB /* Sharing in Frameworks */ = {isa = PBXBuildFile; productRef = E246B9A74FC08245970AE0E4 /* Sharing */; };
		870A4E4AC65F6875365D6225 /* SwiftNavigation in Frameworks */ = {isa = PBXBuildFile; productRef = A83E8288FCBE678AC922CFF0 /* SwiftNavigation */; };
		881668A8F3124FCC7A554877 /* ReviewAudioSession.swift in Sources */ = {isa = PBXBuildFile; fileRef = 1DCFB2EBF09D90E8F0D1B068 /* ReviewAudioSession.swift */; };
		88C9801267943920AF0688C8 /* AmgiCharts in Frameworks */ = {isa = PBXBuildFile; productRef = 4116783E1BE6EA8C1C4481B9 /* AmgiCharts */; };
		88CEBB679A25C18EFA30E22A /* AmgiCardWeb in Frameworks */ = {isa = PBXBuildFile; productRef = 81149E565C8204F6F4E79A3F /* AmgiCardWeb */; };
		8AD06D30608491B042880E1E /* AmgiWidget.appex in Embed Foundation Extensions */ = {isa = PBXBuildFile; fileRef = A837EB0A30B6E90B20D5C1CD /* AmgiWidget.appex */; settings = {ATTRIBUTES = (RemoveHeadersOnCopy, ); }; };
		8AE5F2F0A719B566CC316F35 /* Review in Resources */ = {isa = PBXBuildFile; fileRef = 1B84A2ADB8D6A599253D2E78 /* Review */; };
		8B99191DE01CA2535D41A860 /* EmptyCardsView.swift in Sources */ = {isa = PBXBuildFile; fileRef = F0DFCEE447798D2B484E90BE /* EmptyCardsView.swift */; };
		8C87B61A46DD9657DD5DB797 /* SyncSettingsView.swift in Sources */ = {isa = PBXBuildFile; fileRef = 9B33C212E000026ABADB018F /* SyncSettingsView.swift */; };
		8F888B18043AFB901AA52598 /* AnkiBackend in Frameworks */ = {isa = PBXBuildFile; productRef = 35974FDD258EB94D5852A939 /* AnkiBackend */; };
		9063E7D11DDAA9D8A7A0CF5D /* Fonts in Resources */ = {isa = PBXBuildFile; fileRef = 32D10E5F584CDD7816F8408A /* Fonts */; };
		914745C4D1A6A52334194F09 /* EPUBReader in Resources */ = {isa = PBXBuildFile; fileRef = 795E67571E8B9C7014F5A3E7 /* EPUBReader */; };
		9480AB82C17BCEDE17F5A632 /* ReviewSettingsView.swift in Sources */ = {isa = PBXBuildFile; fileRef = 00A7ECF267A21BE8F7DB66A2 /* ReviewSettingsView.swift */; };
		94AB6A9BE4BC63D84EC48E6B /* AmgiCardWeb in Frameworks */ = {isa = PBXBuildFile; productRef = 5089B17C1D8C3637BE4FB0A9 /* AmgiCardWeb */; };
		973A71851E7AB4BA413D3FC1 /* ReviewSession.swift in Sources */ = {isa = PBXBuildFile; fileRef = 87E19F9B850C7DB93BC33F8E /* ReviewSession.swift */; };
		97716AA1190D5B82540A355E /* DeckDetailModel.swift in Sources */ = {isa = PBXBuildFile; fileRef = 4DA36C23AD30519A2B22CC9D /* DeckDetailModel.swift */; };
		977CE9BA42BECBC190C5861A /* WatchContentView.swift in Sources */ = {isa = PBXBuildFile; fileRef = DEB7C216105220809180B8CF /* WatchContentView.swift */; };
		9E79CAC91DE4DC297BDB10DE /* mathjax in Resources */ = {isa = PBXBuildFile; fileRef = 308AC2057FB8232A7A730D15 /* mathjax */; };
		9EAD0522B1DD04941E870437 /* CodeEditorSettingsView.swift in Sources */ = {isa = PBXBuildFile; fileRef = B670785FF2899959B4089F98 /* CodeEditorSettingsView.swift */; };
		9F04117D1D3772A46BD87844 /* AmgiUI in Frameworks */ = {isa = PBXBuildFile; productRef = DAC2CBBCA214A6D82D147002 /* AmgiUI */; };
		A352A3283DE8FC61CC4BDD8A /* TemplateOverridesView.swift in Sources */ = {isa = PBXBuildFile; fileRef = 728F705D19CD3E981D1D63BD /* TemplateOverridesView.swift */; };
		A3B2E1FE21E4233E17502743 /* FsrsSimulatorModel.swift in Sources */ = {isa = PBXBuildFile; fileRef = D302645E9092D9F658D715A2 /* FsrsSimulatorModel.swift */; };
		A87D48D4DA8668BA3F705983 /* AmgiReaderDictionary in Frameworks */ = {isa = PBXBuildFile; productRef = DFF78E17542FA42887E61316 /* AmgiReaderDictionary */; };
		A93978D7EA5D702A9FEC5B1B /* AmgiTheme in Frameworks */ = {isa = PBXBuildFile; productRef = A8F51D85BA3DE2215333A244 /* AmgiTheme */; };
		B08106133B02AB180115EBA7 /* TemplateRenderOverrides.swift in Sources */ = {isa = PBXBuildFile; fileRef = ADC76DAE329952EF324AD007 /* TemplateRenderOverrides.swift */; };
		B97FF9F69B4A6A94CDAE1610 /* DeckDetailPresentations.swift in Sources */ = {isa = PBXBuildFile; fileRef = 6491E9386C556888CD58F023 /* DeckDetailPresentations.swift */; };
		BB3E89CDD647E53D949E751D /* AmgiAppApp.swift in Sources */ = {isa = PBXBuildFile; fileRef = 8194F942C511DFA83C0CB371 /* AmgiAppApp.swift */; };
		C09A2A870D3E6F0F7D4E5A04 /* DeckDetailStats.swift in Sources */ = {isa = PBXBuildFile; fileRef = 9111D0AC64F7AB7897A578A4 /* DeckDetailStats.swift */; };
		C0E1BDBCA1C96F26EC31E956 /* Sharing in Frameworks */ = {isa = PBXBuildFile; productRef = 4F99E922EA9267E4EE4CD5D6 /* Sharing */; };
		C19817C4D671B6B7CA605B87 /* ReaderFeature in Frameworks */ = {isa = PBXBuildFile; productRef = CBE98F95767A0BAEE71ED603 /* ReaderFeature */; };
		C417D0DB3832D3592A5A3BA1 /* AnkiBackend in Frameworks */ = {isa = PBXBuildFile; productRef = F40C6D05700BCD9DB3969CD4 /* AnkiBackend */; };
		C7E42C769A4C5821E0D2A65E /* AnkiServices in Frameworks */ = {isa = PBXBuildFile; productRef = 38DEF6B96461889F8EAAAE48 /* AnkiServices */; };
		CCE2831EA37962FEEC99013A /* MediaCheckModel.swift in Sources */ = {isa = PBXBuildFile; fileRef = 1C56C9FAC900298876BBABC6 /* MediaCheckModel.swift */; };
		CD7A425CC4ECBA61920F09E6 /* AmgiUI in Frameworks */ = {isa = PBXBuildFile; productRef = 87D0CB2695723E94A8F6EEE4 /* AmgiUI */; };
		D0E9E2D64289CAB5CA8D67E1 /* ReaderSettingsView.swift in Sources */ = {isa = PBXBuildFile; fileRef = BFDE1678CF021B6CF705D5CC /* ReaderSettingsView.swift */; };
		D3B0989D3CEBB20DAA62EA90 /* DeckListModel.swift in Sources */ = {isa = PBXBuildFile; fileRef = 0245EB30C01F2677B113BA75 /* DeckListModel.swift */; };
		D9802D91A8B55B23577F6EFB /* FlipContainer.swift in Sources */ = {isa = PBXBuildFile; fileRef = 2C32F2FF0EE183937B7EE822 /* FlipContainer.swift */; };
		DB8CA754373E723344121D7D /* DeckListView.swift in Sources */ = {isa = PBXBuildFile; fileRef = C968B98E054F2FA99287A836 /* DeckListView.swift */; };
		DE0DB0C2E15B0BFDE4E06947 /* DeckCountsView.swift in Sources */ = {isa = PBXBuildFile; fileRef = 2A6A2AFAF4DB553619328067 /* DeckCountsView.swift */; };
		DE98A74CA5D8DD96B249AF62 /* DeckListRowView.swift in Sources */ = {isa = PBXBuildFile; fileRef = 3B47CB01ABE5D6719AA19DCD /* DeckListRowView.swift */; };
		E18368C644EE632856232766 /* RenderModeChipRow.swift in Sources */ = {isa = PBXBuildFile; fileRef = 0D2D6CFA943AB8481B28D3DA /* RenderModeChipRow.swift */; };
		E309863697020446528E29DD /* ReviewAudioSession.swift in Sources */ = {isa = PBXBuildFile; fileRef = 1DCFB2EBF09D90E8F0D1B068 /* ReviewAudioSession.swift */; };
		E45540503268E00A3CAC9B04 /* WidgetKit.framework in Frameworks */ = {isa = PBXBuildFile; fileRef = 2B60A11C277A30E8180CB0F1 /* WidgetKit.framework */; };
		E8CE9276CD85FEC652968AA5 /* RenameDeckSheet.swift in Sources */ = {isa = PBXBuildFile; fileRef = 171ECA86AAD36234799EBED9 /* RenameDeckSheet.swift */; };
		ED773D0658D79BF857AC7E33 /* DeckDetailDestination.swift in Sources */ = {isa = PBXBuildFile; fileRef = 45A39E0F75D5CDD329862A7E /* DeckDetailDestination.swift */; };
		ED890DB131928B61AEA1551B /* SettingsRow.swift in Sources */ = {isa = PBXBuildFile; fileRef = 2C87EF9E38E61B70CF4113A4 /* SettingsRow.swift */; };
		EF9AE5772C4EAA9AA7A33BEC /* MaintenanceView.swift in Sources */ = {isa = PBXBuildFile; fileRef = D38F9CB4658B665209B01BB2 /* MaintenanceView.swift */; };
		F12D2524A2616E3735B61E6F /* AppearanceSettingsView.swift in Sources */ = {isa = PBXBuildFile; fileRef = 652D89BC805F4B74FCAB89D3 /* AppearanceSettingsView.swift */; };
		F207ABF52BCCFE464CB3A4E7 /* WatchDeckDetailView.swift in Sources */ = {isa = PBXBuildFile; fileRef = 3B53F4EE2614A1232A890203 /* WatchDeckDetailView.swift */; };
		F20F8BB863FC78D7DCEF5D4B /* WatchThemeCompatibility.swift in Sources */ = {isa = PBXBuildFile; fileRef = 5F34C1C52CEF3B2E6F9C92E1 /* WatchThemeCompatibility.swift */; };
		F37C1A973A4F933CE3C9B39C /* AmgiAppShared in Frameworks */ = {isa = PBXBuildFile; productRef = ACD15169111E238EEB55BFCB /* AmgiAppShared */; };
		F435860F404414DDFB885081 /* AboutView.swift in Sources */ = {isa = PBXBuildFile; fileRef = C9AB03FC0929F8401CB402B4 /* AboutView.swift */; };
		FAC37531F72B8508E8253A62 /* CardAssetScheme.swift in Sources */ = {isa = PBXBuildFile; fileRef = 0A33DB0DDA9DDB6DF8F59802 /* CardAssetScheme.swift */; };
		FB8764C1AA520AC1B52A3F79 /* BackupView.swift in Sources */ = {isa = PBXBuildFile; fileRef = 8CD26991B97A250EF2CD8C00 /* BackupView.swift */; };
		FBDD17C4C5111E25EA33A72B /* MediaCheckResultView.swift in Sources */ = {isa = PBXBuildFile; fileRef = F231B0AEED1887A513639B6C /* MediaCheckResultView.swift */; };
/* End PBXBuildFile section */

/* Begin PBXContainerItemProxy section */
		405A1DF95A869267A4FF267C /* PBXContainerItemProxy */ = {
			isa = PBXContainerItemProxy;
			containerPortal = CCE55545D9F1ABEDD48DB366 /* Project object */;
			proxyType = 1;
			remoteGlobalIDString = 95284AD6E89B9B84191749DE;
			remoteInfo = AmgiApp;
		};
		EE34BEA2D08D4B4B3CE4BF7A /* PBXContainerItemProxy */ = {
			isa = PBXContainerItemProxy;
			containerPortal = CCE55545D9F1ABEDD48DB366 /* Project object */;
			proxyType = 1;
			remoteGlobalIDString = 9B3B324834735D7AA9620491;
			remoteInfo = AmgiWidget;
		};
/* End PBXContainerItemProxy section */

/* Begin PBXCopyFilesBuildPhase section */
		410CE2AB2D9AFEF1B607231D /* Embed Foundation Extensions */ = {
			isa = PBXCopyFilesBuildPhase;
			buildActionMask = 2147483647;
			dstPath = "";
			dstSubfolderSpec = 13;
			files = (
				8AD06D30608491B042880E1E /* AmgiWidget.appex in Embed Foundation Extensions */,
			);
			name = "Embed Foundation Extensions";
			runOnlyForDeploymentPostprocessing = 0;
		};
/* End PBXCopyFilesBuildPhase section */

/* Begin PBXFileReference section */
		00A7ECF267A21BE8F7DB66A2 /* ReviewSettingsView.swift */ = {isa = PBXFileReference; lastKnownFileType = sourcecode.swift; path = ReviewSettingsView.swift; sourceTree = "<group>"; };
		0245EB30C01F2677B113BA75 /* DeckListModel.swift */ = {isa = PBXFileReference; lastKnownFileType = sourcecode.swift; path = DeckListModel.swift; sourceTree = "<group>"; };
		0A33DB0DDA9DDB6DF8F59802 /* CardAssetScheme.swift */ = {isa = PBXFileReference; lastKnownFileType = sourcecode.swift; path = CardAssetScheme.swift; sourceTree = "<group>"; };
		0D2D6CFA943AB8481B28D3DA /* RenderModeChipRow.swift */ = {isa = PBXFileReference; lastKnownFileType = sourcecode.swift; path = RenderModeChipRow.swift; sourceTree = "<group>"; };
		171ECA86AAD36234799EBED9 /* RenameDeckSheet.swift */ = {isa = PBXFileReference; lastKnownFileType = sourcecode.swift; path = RenameDeckSheet.swift; sourceTree = "<group>"; };
		1B84A2ADB8D6A599253D2E78 /* Review */ = {isa = PBXFileReference; lastKnownFileType = folder; name = Review; path = Resources/Review; sourceTree = SOURCE_ROOT; };
		1C56C9FAC900298876BBABC6 /* MediaCheckModel.swift */ = {isa = PBXFileReference; lastKnownFileType = sourcecode.swift; path = MediaCheckModel.swift; sourceTree = "<group>"; };
		1CDB5889BB8BBF41384CF365 /* DeckDetailBanners.swift */ = {isa = PBXFileReference; lastKnownFileType = sourcecode.swift; path = DeckDetailBanners.swift; sourceTree = "<group>"; };
		1DCFB2EBF09D90E8F0D1B068 /* ReviewAudioSession.swift */ = {isa = PBXFileReference; lastKnownFileType = sourcecode.swift; path = ReviewAudioSession.swift; sourceTree = "<group>"; };
		1F01B084E8AEB14A0BAD24F3 /* DeckConfigView.swift */ = {isa = PBXFileReference; lastKnownFileType = sourcecode.swift; path = DeckConfigView.swift; sourceTree = "<group>"; };
		294159A0F3FE92450BEAEA05 /* DeckImportModifier.swift */ = {isa = PBXFileReference; lastKnownFileType = sourcecode.swift; path = DeckImportModifier.swift; sourceTree = "<group>"; };
		2A6A2AFAF4DB553619328067 /* DeckCountsView.swift */ = {isa = PBXFileReference; lastKnownFileType = sourcecode.swift; path = DeckCountsView.swift; sourceTree = "<group>"; };
		2B60A11C277A30E8180CB0F1 /* WidgetKit.framework */ = {isa = PBXFileReference; lastKnownFileType = wrapper.framework; name = WidgetKit.framework; path = System/Library/Frameworks/WidgetKit.framework; sourceTree = SDKROOT; };
		2C32F2FF0EE183937B7EE822 /* FlipContainer.swift */ = {isa = PBXFileReference; lastKnownFileType = sourcecode.swift; path = FlipContainer.swift; sourceTree = "<group>"; };
		2C87EF9E38E61B70CF4113A4 /* SettingsRow.swift */ = {isa = PBXFileReference; lastKnownFileType = sourcecode.swift; path = SettingsRow.swift; sourceTree = "<group>"; };
		2CF9227A3F798C67AD696F1A /* RatingBar.swift */ = {isa = PBXFileReference; lastKnownFileType = sourcecode.swift; path = RatingBar.swift; sourceTree = "<group>"; };
		308AC2057FB8232A7A730D15 /* mathjax */ = {isa = PBXFileReference; lastKnownFileType = folder; name = mathjax; path = Resources/mathjax; sourceTree = SOURCE_ROOT; };
		32D10E5F584CDD7816F8408A /* Fonts */ = {isa = PBXFileReference; lastKnownFileType = folder; name = Fonts; path = Resources/Fonts; sourceTree = SOURCE_ROOT; };
		342022B67A1EDBA3B371E543 /* CardWebViewCoordinator.swift */ = {isa = PBXFileReference; lastKnownFileType = sourcecode.swift; path = CardWebViewCoordinator.swift; sourceTree = "<group>"; };
		38C8B5391D7B0EAE1162DC3A /* DeckConfigDestination.swift */ = {isa = PBXFileReference; lastKnownFileType = sourcecode.swift; path = DeckConfigDestination.swift; sourceTree = "<group>"; };
		3B47CB01ABE5D6719AA19DCD /* DeckListRowView.swift */ = {isa = PBXFileReference; lastKnownFileType = sourcecode.swift; path = DeckListRowView.swift; sourceTree = "<group>"; };
		3B53F4EE2614A1232A890203 /* WatchDeckDetailView.swift */ = {isa = PBXFileReference; lastKnownFileType = sourcecode.swift; path = WatchDeckDetailView.swift; sourceTree = "<group>"; };
		3D443C314BCDE2081B6CF7B2 /* WatchStatsView.swift */ = {isa = PBXFileReference; lastKnownFileType = sourcecode.swift; path = WatchStatsView.swift; sourceTree = "<group>"; };
		3D87C8D1EA1497775B548D36 /* CardWebViewConfig.swift */ = {isa = PBXFileReference; lastKnownFileType = sourcecode.swift; path = CardWebViewConfig.swift; sourceTree = "<group>"; };
		431515739A7B48EA43995E77 /* RenderModeSheet.swift */ = {isa = PBXFileReference; lastKnownFileType = sourcecode.swift; path = RenderModeSheet.swift; sourceTree = "<group>"; };
		44792958B343213988DC8FFB /* ContentView.swift */ = {isa = PBXFileReference; lastKnownFileType = sourcecode.swift; path = ContentView.swift; sourceTree = "<group>"; };
		45A39E0F75D5CDD329862A7E /* DeckDetailDestination.swift */ = {isa = PBXFileReference; lastKnownFileType = sourcecode.swift; path = DeckDetailDestination.swift; sourceTree = "<group>"; };
		4AB517EE732AD3C0F9592440 /* DeckConfigPresentations.swift */ = {isa = PBXFileReference; lastKnownFileType = sourcecode.swift; path = DeckConfigPresentations.swift; sourceTree = "<group>"; };
		4CB7489D2E74B5E73B594C7A /* ReviewView.swift */ = {isa = PBXFileReference; lastKnownFileType = sourcecode.swift; path = ReviewView.swift; sourceTree = "<group>"; };
		4DA36C23AD30519A2B22CC9D /* DeckDetailModel.swift */ = {isa = PBXFileReference; lastKnownFileType = sourcecode.swift; path = DeckDetailModel.swift; sourceTree = "<group>"; };
		4E84263F2AEE7DF0EDCFDAC5 /* AccountsSettingsView.swift */ = {isa = PBXFileReference; lastKnownFileType = sourcecode.swift; path = AccountsSettingsView.swift; sourceTree = "<group>"; };
		57514F10406A5930D1E01B7F /* WatchLoginView.swift */ = {isa = PBXFileReference; lastKnownFileType = sourcecode.swift; path = WatchLoginView.swift; sourceTree = "<group>"; };
		5E31C7A88FD8DD161F56C876 /* NativeCardAudioPlayer.swift */ = {isa = PBXFileReference; lastKnownFileType = sourcecode.swift; path = NativeCardAudioPlayer.swift; sourceTree = "<group>"; };
		5F34C1C52CEF3B2E6F9C92E1 /* WatchThemeCompatibility.swift */ = {isa = PBXFileReference; lastKnownFileType = sourcecode.swift; path = WatchThemeCompatibility.swift; sourceTree = "<group>"; };
		6491E9386C556888CD58F023 /* DeckDetailPresentations.swift */ = {isa = PBXFileReference; lastKnownFileType = sourcecode.swift; path = DeckDetailPresentations.swift; sourceTree = "<group>"; };
		652D89BC805F4B74FCAB89D3 /* AppearanceSettingsView.swift */ = {isa = PBXFileReference; lastKnownFileType = sourcecode.swift; path = AppearanceSettingsView.swift; sourceTree = "<group>"; };
		6FC065BB94EC4D03C744D66D /* AmgiUI */ = {isa = PBXFileReference; lastKnownFileType = folder; name = AmgiUI; path = ../AmgiUI; sourceTree = SOURCE_ROOT; };
		728F705D19CD3E981D1D63BD /* TemplateOverridesView.swift */ = {isa = PBXFileReference; lastKnownFileType = sourcecode.swift; path = TemplateOverridesView.swift; sourceTree = "<group>"; };
		795E67571E8B9C7014F5A3E7 /* EPUBReader */ = {isa = PBXFileReference; lastKnownFileType = folder; name = EPUBReader; path = Resources/EPUBReader; sourceTree = SOURCE_ROOT; };
		8194F942C511DFA83C0CB371 /* AmgiAppApp.swift */ = {isa = PBXFileReference; lastKnownFileType = sourcecode.swift; path = AmgiAppApp.swift; sourceTree = "<group>"; };
		843DF8545ED1E3A956981DB1 /* RetroactiveIdentifiable.swift */ = {isa = PBXFileReference; lastKnownFileType = sourcecode.swift; path = RetroactiveIdentifiable.swift; sourceTree = "<group>"; };
		86204AF7D14861EEF82FF7E2 /* WatchApp.swift */ = {isa = PBXFileReference; lastKnownFileType = sourcecode.swift; path = WatchApp.swift; sourceTree = "<group>"; };
		87E19F9B850C7DB93BC33F8E /* ReviewSession.swift */ = {isa = PBXFileReference; lastKnownFileType = sourcecode.swift; path = ReviewSession.swift; sourceTree = "<group>"; };
		8CD26991B97A250EF2CD8C00 /* BackupView.swift */ = {isa = PBXFileReference; lastKnownFileType = sourcecode.swift; path = BackupView.swift; sourceTree = "<group>"; };
		8D9E6184822FCB210E41A5E8 /* EmptyCardsModel.swift */ = {isa = PBXFileReference; lastKnownFileType = sourcecode.swift; path = EmptyCardsModel.swift; sourceTree = "<group>"; };
		9111D0AC64F7AB7897A578A4 /* DeckDetailStats.swift */ = {isa = PBXFileReference; lastKnownFileType = sourcecode.swift; path = DeckDetailStats.swift; sourceTree = "<group>"; };
		9508481C0DD815976FA19522 /* AmgiReader */ = {isa = PBXFileReference; lastKnownFileType = folder; name = AmgiReader; path = ../AmgiReader; sourceTree = SOURCE_ROOT; };
		9761A12271BD9A8498A7B14E /* WatchReviewView.swift */ = {isa = PBXFileReference; lastKnownFileType = sourcecode.swift; path = WatchReviewView.swift; sourceTree = "<group>"; };
		9B33C212E000026ABADB018F /* SyncSettingsView.swift */ = {isa = PBXFileReference; lastKnownFileType = sourcecode.swift; path = SyncSettingsView.swift; sourceTree = "<group>"; };
		9D1DE64E39F2A91CE8DDB346 /* ProfilePickerMenu.swift */ = {isa = PBXFileReference; lastKnownFileType = sourcecode.swift; path = ProfilePickerMenu.swift; sourceTree = "<group>"; };
		A12D2167226A912462BF60EA /* Assets.xcassets */ = {isa = PBXFileReference; lastKnownFileType = folder.assetcatalog; path = Assets.xcassets; sourceTree = "<group>"; };
		A60169056780E6B8795FACC7 /* WatchDeckListView.swift */ = {isa = PBXFileReference; lastKnownFileType = sourcecode.swift; path = WatchDeckListView.swift; sourceTree = "<group>"; };
		A745D7266B06FFE28B219996 /* MainTabView.swift */ = {isa = PBXFileReference; lastKnownFileType = sourcecode.swift; path = MainTabView.swift; sourceTree = "<group>"; };
		A837EB0A30B6E90B20D5C1CD /* AmgiWidget.appex */ = {isa = PBXFileReference; includeInIndex = 0; lastKnownFileType = "wrapper.app-extension"; path = AmgiWidget.appex; sourceTree = BUILT_PRODUCTS_DIR; };
		ADC76DAE329952EF324AD007 /* TemplateRenderOverrides.swift */ = {isa = PBXFileReference; lastKnownFileType = sourcecode.swift; path = TemplateRenderOverrides.swift; sourceTree = "<group>"; };
		AF59E5D2AE1125143F501D42 /* CardRenderingSettingsView.swift */ = {isa = PBXFileReference; lastKnownFileType = sourcecode.swift; path = CardRenderingSettingsView.swift; sourceTree = "<group>"; };
		B219D0FE129E5978B1B69180 /* DebugView.swift */ = {isa = PBXFileReference; lastKnownFileType = sourcecode.swift; path = DebugView.swift; sourceTree = "<group>"; };
		B4AB1EE3736034B9FBBAD23A /* MaintenanceModel.swift */ = {isa = PBXFileReference; lastKnownFileType = sourcecode.swift; path = MaintenanceModel.swift; sourceTree = "<group>"; };
		B4CB05F4513DD8B5ADD54B98 /* FsrsSimulator.swift */ = {isa = PBXFileReference; lastKnownFileType = sourcecode.swift; path = FsrsSimulator.swift; sourceTree = "<group>"; };
		B670785FF2899959B4089F98 /* CodeEditorSettingsView.swift */ = {isa = PBXFileReference; lastKnownFileType = sourcecode.swift; path = CodeEditorSettingsView.swift; sourceTree = "<group>"; };
		BE8DDAC853DEF5B6112EB833 /* AmgiFeatures */ = {isa = PBXFileReference; lastKnownFileType = folder; name = AmgiFeatures; path = ../AmgiFeatures; sourceTree = SOURCE_ROOT; };
		BFDE1678CF021B6CF705D5CC /* ReaderSettingsView.swift */ = {isa = PBXFileReference; lastKnownFileType = sourcecode.swift; path = ReaderSettingsView.swift; sourceTree = "<group>"; };
		BFF13DB7D64E209817493CD6 /* SettingsView.swift */ = {isa = PBXFileReference; lastKnownFileType = sourcecode.swift; path = SettingsView.swift; sourceTree = "<group>"; };
		C550C2CF61A0255A45E54490 /* DeckDetailView.swift */ = {isa = PBXFileReference; lastKnownFileType = sourcecode.swift; path = DeckDetailView.swift; sourceTree = "<group>"; };
		C57E0A30A0C5B7FE232BF0C3 /* amgi */ = {isa = PBXFileReference; lastKnownFileType = folder; name = amgi; path = ..; sourceTree = SOURCE_ROOT; };
		C968B98E054F2FA99287A836 /* DeckListView.swift */ = {isa = PBXFileReference; lastKnownFileType = sourcecode.swift; path = DeckListView.swift; sourceTree = "<group>"; };
		C9AB03FC0929F8401CB402B4 /* AboutView.swift */ = {isa = PBXFileReference; lastKnownFileType = sourcecode.swift; path = AboutView.swift; sourceTree = "<group>"; };
		CAE0DE68DC7E04F773A57E14 /* SwiftUI.framework */ = {isa = PBXFileReference; lastKnownFileType = wrapper.framework; name = SwiftUI.framework; path = System/Library/Frameworks/SwiftUI.framework; sourceTree = SDKROOT; };
		CE853DC6E2F11AC692D27C64 /* DeckConfigSections.swift */ = {isa = PBXFileReference; lastKnownFileType = sourcecode.swift; path = DeckConfigSections.swift; sourceTree = "<group>"; };
		D302645E9092D9F658D715A2 /* FsrsSimulatorModel.swift */ = {isa = PBXFileReference; lastKnownFileType = sourcecode.swift; path = FsrsSimulatorModel.swift; sourceTree = "<group>"; };
		D38F9CB4658B665209B01BB2 /* MaintenanceView.swift */ = {isa = PBXFileReference; lastKnownFileType = sourcecode.swift; path = MaintenanceView.swift; sourceTree = "<group>"; };
		DE61E854280804F08BB1DD31 /* AmgiApp.app */ = {isa = PBXFileReference; includeInIndex = 0; lastKnownFileType = wrapper.application; path = AmgiApp.app; sourceTree = BUILT_PRODUCTS_DIR; };
		DEB7C216105220809180B8CF /* WatchContentView.swift */ = {isa = PBXFileReference; lastKnownFileType = sourcecode.swift; path = WatchContentView.swift; sourceTree = "<group>"; };
		E0DAB1812F24856DD3CC942C /* SettingsControls.swift */ = {isa = PBXFileReference; lastKnownFileType = sourcecode.swift; path = SettingsControls.swift; sourceTree = "<group>"; };
		E265F3067C4AA7E4D05DD2FC /* CardWebView.swift */ = {isa = PBXFileReference; lastKnownFileType = sourcecode.swift; path = CardWebView.swift; sourceTree = "<group>"; };
		E52A1F699FA8746826E4EAB0 /* AmgiWatchApp.app */ = {isa = PBXFileReference; explicitFileType = wrapper.application; includeInIndex = 0; path = AmgiWatchApp.app; sourceTree = BUILT_PRODUCTS_DIR; };
		F0DFCEE447798D2B484E90BE /* EmptyCardsView.swift */ = {isa = PBXFileReference; lastKnownFileType = sourcecode.swift; path = EmptyCardsView.swift; sourceTree = "<group>"; };
		F231B0AEED1887A513639B6C /* MediaCheckResultView.swift */ = {isa = PBXFileReference; lastKnownFileType = sourcecode.swift; path = MediaCheckResultView.swift; sourceTree = "<group>"; };
		FB1E8833CDEE89A28A9D590E /* CreateDeckSheet.swift */ = {isa = PBXFileReference; lastKnownFileType = sourcecode.swift; path = CreateDeckSheet.swift; sourceTree = "<group>"; };
		FCC3551579976335678100B5 /* NativeCardView.swift */ = {isa = PBXFileReference; lastKnownFileType = sourcecode.swift; path = NativeCardView.swift; sourceTree = "<group>"; };
		FEBEEEE92DE49D8289A00FC5 /* DeckConfigModel.swift */ = {isa = PBXFileReference; lastKnownFileType = sourcecode.swift; path = DeckConfigModel.swift; sourceTree = "<group>"; };
		FEF6D1A33091968455963805 /* AmgiAppTests.xctest */ = {isa = PBXFileReference; includeInIndex = 0; lastKnownFileType = wrapper.cfbundle; path = AmgiAppTests.xctest; sourceTree = BUILT_PRODUCTS_DIR; };
/* End PBXFileReference section */

/* Begin PBXFileSystemSynchronizedBuildFileExceptionSet section */
		1B98150CA7E87F8DFC46FAE3 /* PBXFileSystemSynchronizedBuildFileExceptionSet */ = {
			isa = PBXFileSystemSynchronizedBuildFileExceptionSet;
			membershipExceptions = (
				Info.plist,
			);
			target = 9B3B324834735D7AA9620491 /* AmgiWidget */;
		};
/* End PBXFileSystemSynchronizedBuildFileExceptionSet section */

/* Begin PBXFileSystemSynchronizedRootGroup section */
		004874923745BECF98EEBD18 /* Widgets */ = {
			isa = PBXFileSystemSynchronizedRootGroup;
			exceptions = (
				1B98150CA7E87F8DFC46FAE3 /* PBXFileSystemSynchronizedBuildFileExceptionSet */,
			);
			explicitFileTypes = {
			};
			explicitFolders = (
			);
			name = Widgets;
			path = Widgets;
			sourceTree = "<group>";
		};
		70BB06347ADF26FA0276AD23 /* AmgiAppTests */ = {
			isa = PBXFileSystemSynchronizedRootGroup;
			explicitFileTypes = {
			};
			explicitFolders = (
			);
			name = AmgiAppTests;
			path = AmgiAppTests;
			sourceTree = "<group>";
		};
/* End PBXFileSystemSynchronizedRootGroup section */

/* Begin PBXFrameworksBuildPhase section */
		13D1F5F67D6C828F4B9F1C8F /* Frameworks */ = {
			isa = PBXFrameworksBuildPhase;
			buildActionMask = 2147483647;
			files = (
				652134A3080AAB2E8524794F /* AnkiKit in Frameworks */,
				25295E65FF027CFDAAB366BC /* AmgiTheme in Frameworks */,
				1795F1391A509C8FDDC7E9EA /* AmgiAppCore in Frameworks */,
				E45540503268E00A3CAC9B04 /* WidgetKit.framework in Frameworks */,
				05B3C09F3B96E96D972F0424 /* SwiftUI.framework in Frameworks */,
			);
			runOnlyForDeploymentPostprocessing = 0;
		};
		19B37F948ED2A792E3A74AC2 /* Frameworks */ = {
			isa = PBXFrameworksBuildPhase;
			buildActionMask = 2147483647;
			files = (
				8037088122D7F4739E1D412A /* AnkiKit in Frameworks */,
				6932C86281AB9089FDCF9C6B /* AnkiServices in Frameworks */,
				71A1B053966773D1157AA618 /* AnkiClients in Frameworks */,
				7C46534E4D979D315641F713 /* AnkiSync in Frameworks */,
				C417D0DB3832D3592A5A3BA1 /* AnkiBackend in Frameworks */,
				94AB6A9BE4BC63D84EC48E6B /* AmgiCardWeb in Frameworks */,
				34270B208122270BAC697B31 /* AmgiReader in Frameworks */,
				A87D48D4DA8668BA3F705983 /* AmgiReaderDictionary in Frameworks */,
				58CAEF6BE5C190FC9FE8D511 /* AmgiTheme in Frameworks */,
				9F04117D1D3772A46BD87844 /* AmgiUI in Frameworks */,
				125CB371BB8CCAEE250459BD /* AmgiAppCore in Frameworks */,
				F37C1A973A4F933CE3C9B39C /* AmgiAppShared in Frameworks */,
				88C9801267943920AF0688C8 /* AmgiCharts in Frameworks */,
				7C4497B5B8FEB2820FD860B0 /* TemplatesFeature in Frameworks */,
				040033C6E335CD8EF283273C /* StatsFeature in Frameworks */,
				556FBD2BE239FF491BAAECB2 /* BrowseFeature in Frameworks */,
				6B10979FEE38C6E41A306E60 /* SyncFeature in Frameworks */,
				C19817C4D671B6B7CA605B87 /* ReaderFeature in Frameworks */,
				870A4E4AC65F6875365D6225 /* SwiftNavigation in Frameworks */,
				4D082714A42AC42E79311B2B /* SwiftUINavigation in Frameworks */,
				C0E1BDBCA1C96F26EC31E956 /* Sharing in Frameworks */,
				2F6CCEA4FF8B775FCA9299DA /* WidgetKit.framework in Frameworks */,
			);
			runOnlyForDeploymentPostprocessing = 0;
		};
		E369932CA4A46F6AC8C1E2C2 /* Frameworks */ = {
			isa = PBXFrameworksBuildPhase;
			buildActionMask = 2147483647;
			files = (
				4806E64030A4EBAA1A2DF239 /* AnkiKit in Frameworks */,
				A93978D7EA5D702A9FEC5B1B /* AmgiTheme in Frameworks */,
				CD7A425CC4ECBA61920F09E6 /* AmgiUI in Frameworks */,
				C7E42C769A4C5821E0D2A65E /* AnkiServices in Frameworks */,
				1CCF36BA63528C1E2FA3F9FD /* AnkiClients in Frameworks */,
				5206D53A52E116E129C0E956 /* AnkiSync in Frameworks */,
				8F888B18043AFB901AA52598 /* AnkiBackend in Frameworks */,
				88CEBB679A25C18EFA30E22A /* AmgiCardWeb in Frameworks */,
				300C45BEA20065427F563AAD /* AmgiAppCore in Frameworks */,
				5197DE6744C39404AA7BCC59 /* AmgiCharts in Frameworks */,
				5F5B77D77DD4749D9539DE34 /* SwiftNavigation in Frameworks */,
				85730DEFCB36C5C27D16DFBB /* Sharing in Frameworks */,
			);
			runOnlyForDeploymentPostprocessing = 0;
		};
/* End PBXFrameworksBuildPhase section */

/* Begin PBXGroup section */
		11E2E0C450936C7DED737DDE /* Review */ = {
			isa = PBXGroup;
			children = (
				0A33DB0DDA9DDB6DF8F59802 /* CardAssetScheme.swift */,
				E265F3067C4AA7E4D05DD2FC /* CardWebView.swift */,
				3D87C8D1EA1497775B548D36 /* CardWebViewConfig.swift */,
				342022B67A1EDBA3B371E543 /* CardWebViewCoordinator.swift */,
				2C32F2FF0EE183937B7EE822 /* FlipContainer.swift */,
				2CF9227A3F798C67AD696F1A /* RatingBar.swift */,
				0D2D6CFA943AB8481B28D3DA /* RenderModeChipRow.swift */,
				431515739A7B48EA43995E77 /* RenderModeSheet.swift */,
				1DCFB2EBF09D90E8F0D1B068 /* ReviewAudioSession.swift */,
				87E19F9B850C7DB93BC33F8E /* ReviewSession.swift */,
				4CB7489D2E74B5E73B594C7A /* ReviewView.swift */,
				A9FFC31A7FA6643E4526A932 /* Native */,
				E5DE9963BAD07787F0B5E58E /* RenderEngine */,
			);
			path = Review;
			sourceTree = "<group>";
		};
		54701E5FE2188037820D21A7 /* Frameworks */ = {
			isa = PBXGroup;
			children = (
				CAE0DE68DC7E04F773A57E14 /* SwiftUI.framework */,
				2B60A11C277A30E8180CB0F1 /* WidgetKit.framework */,
			);
			name = Frameworks;
			sourceTree = "<group>";
		};
		652799243D2BEF4E5B7E34D5 /* Packages */ = {
			isa = PBXGroup;
			children = (
				C57E0A30A0C5B7FE232BF0C3 /* amgi */,
				BE8DDAC853DEF5B6112EB833 /* AmgiFeatures */,
				9508481C0DD815976FA19522 /* AmgiReader */,
				6FC065BB94EC4D03C744D66D /* AmgiUI */,
			);
			name = Packages;
			sourceTree = "<group>";
		};
		71C5A9354AD4FBE1695E2F5C /* Settings */ = {
			isa = PBXGroup;
			children = (
				C9AB03FC0929F8401CB402B4 /* AboutView.swift */,
				4E84263F2AEE7DF0EDCFDAC5 /* AccountsSettingsView.swift */,
				652D89BC805F4B74FCAB89D3 /* AppearanceSettingsView.swift */,
				8CD26991B97A250EF2CD8C00 /* BackupView.swift */,
				AF59E5D2AE1125143F501D42 /* CardRenderingSettingsView.swift */,
				B670785FF2899959B4089F98 /* CodeEditorSettingsView.swift */,
				8D9E6184822FCB210E41A5E8 /* EmptyCardsModel.swift */,
				F0DFCEE447798D2B484E90BE /* EmptyCardsView.swift */,
				B4AB1EE3736034B9FBBAD23A /* MaintenanceModel.swift */,
				D38F9CB4658B665209B01BB2 /* MaintenanceView.swift */,
				1C56C9FAC900298876BBABC6 /* MediaCheckModel.swift */,
				F231B0AEED1887A513639B6C /* MediaCheckResultView.swift */,
				BFDE1678CF021B6CF705D5CC /* ReaderSettingsView.swift */,
				00A7ECF267A21BE8F7DB66A2 /* ReviewSettingsView.swift */,
				E0DAB1812F24856DD3CC942C /* SettingsControls.swift */,
				2C87EF9E38E61B70CF4113A4 /* SettingsRow.swift */,
				BFF13DB7D64E209817493CD6 /* SettingsView.swift */,
				9B33C212E000026ABADB018F /* SyncSettingsView.swift */,
				728F705D19CD3E981D1D63BD /* TemplateOverridesView.swift */,
			);
			path = Settings;
			sourceTree = "<group>";
		};
		7D05B20C09E1E71EF938D0F3 /* DeckDetail */ = {
			isa = PBXGroup;
			children = (
				1CDB5889BB8BBF41384CF365 /* DeckDetailBanners.swift */,
				45A39E0F75D5CDD329862A7E /* DeckDetailDestination.swift */,
				4DA36C23AD30519A2B22CC9D /* DeckDetailModel.swift */,
				6491E9386C556888CD58F023 /* DeckDetailPresentations.swift */,
				9111D0AC64F7AB7897A578A4 /* DeckDetailStats.swift */,
				C550C2CF61A0255A45E54490 /* DeckDetailView.swift */,
			);
			path = DeckDetail;
			sourceTree = "<group>";
		};
		852CFC1C0D03FE7967E700AA /* Sources */ = {
			isa = PBXGroup;
			children = (
				8194F942C511DFA83C0CB371 /* AmgiAppApp.swift */,
				44792958B343213988DC8FFB /* ContentView.swift */,
				B219D0FE129E5978B1B69180 /* DebugView.swift */,
				294159A0F3FE92450BEAEA05 /* DeckImportModifier.swift */,
				A745D7266B06FFE28B219996 /* MainTabView.swift */,
				843DF8545ED1E3A956981DB1 /* RetroactiveIdentifiable.swift */,
				90ADF1CE73507EC0A39F4C07 /* Decks */,
				11E2E0C450936C7DED737DDE /* Review */,
				71C5A9354AD4FBE1695E2F5C /* Settings */,
				F6E98429D27EAD0FEB43C4D4 /* Watch */,
				004874923745BECF98EEBD18 /* Widgets */,
			);
			path = Sources;
			sourceTree = "<group>";
		};
		90ADF1CE73507EC0A39F4C07 /* Decks */ = {
			isa = PBXGroup;
			children = (
				9D1DE64E39F2A91CE8DDB346 /* ProfilePickerMenu.swift */,
				F243E41F2156366A30EAB8C5 /* DeckConfig */,
				7D05B20C09E1E71EF938D0F3 /* DeckDetail */,
				978B6A87720A1758593ABF3B /* DeckList */,
			);
			path = Decks;
			sourceTree = "<group>";
		};
		978B6A87720A1758593ABF3B /* DeckList */ = {
			isa = PBXGroup;
			children = (
				FB1E8833CDEE89A28A9D590E /* CreateDeckSheet.swift */,
				0245EB30C01F2677B113BA75 /* DeckListModel.swift */,
				3B47CB01ABE5D6719AA19DCD /* DeckListRowView.swift */,
				C968B98E054F2FA99287A836 /* DeckListView.swift */,
				171ECA86AAD36234799EBED9 /* RenameDeckSheet.swift */,
			);
			path = DeckList;
			sourceTree = "<group>";
		};
		A9FFC31A7FA6643E4526A932 /* Native */ = {
			isa = PBXGroup;
			children = (
				5E31C7A88FD8DD161F56C876 /* NativeCardAudioPlayer.swift */,
				FCC3551579976335678100B5 /* NativeCardView.swift */,
			);
			path = Native;
			sourceTree = "<group>";
		};
		C2DEE343E176258185B95328 /* Tests */ = {
			isa = PBXGroup;
			children = (
				70BB06347ADF26FA0276AD23 /* AmgiAppTests */,
			);
			path = Tests;
			sourceTree = "<group>";
		};
		E5DE9963BAD07787F0B5E58E /* RenderEngine */ = {
			isa = PBXGroup;
			children = (
				ADC76DAE329952EF324AD007 /* TemplateRenderOverrides.swift */,
			);
			path = RenderEngine;
			sourceTree = "<group>";
		};
		EDDFF8B62843241810A3F531 /* Resources */ = {
			isa = PBXGroup;
			children = (
				A12D2167226A912462BF60EA /* Assets.xcassets */,
				795E67571E8B9C7014F5A3E7 /* EPUBReader */,
				32D10E5F584CDD7816F8408A /* Fonts */,
				308AC2057FB8232A7A730D15 /* mathjax */,
				1B84A2ADB8D6A599253D2E78 /* Review */,
			);
			path = Resources;
			sourceTree = "<group>";
		};
		F243E41F2156366A30EAB8C5 /* DeckConfig */ = {
			isa = PBXGroup;
			children = (
				38C8B5391D7B0EAE1162DC3A /* DeckConfigDestination.swift */,
				FEBEEEE92DE49D8289A00FC5 /* DeckConfigModel.swift */,
				4AB517EE732AD3C0F9592440 /* DeckConfigPresentations.swift */,
				CE853DC6E2F11AC692D27C64 /* DeckConfigSections.swift */,
				1F01B084E8AEB14A0BAD24F3 /* DeckConfigView.swift */,
				B4CB05F4513DD8B5ADD54B98 /* FsrsSimulator.swift */,
				D302645E9092D9F658D715A2 /* FsrsSimulatorModel.swift */,
			);
			path = DeckConfig;
			sourceTree = "<group>";
		};
		F25D5B8FD2D15F7D2AD5DB36 /* Products */ = {
			isa = PBXGroup;
			children = (
				DE61E854280804F08BB1DD31 /* AmgiApp.app */,
				FEF6D1A33091968455963805 /* AmgiAppTests.xctest */,
				E52A1F699FA8746826E4EAB0 /* AmgiWatchApp.app */,
				A837EB0A30B6E90B20D5C1CD /* AmgiWidget.appex */,
			);
			name = Products;
			sourceTree = "<group>";
		};
		F6E98429D27EAD0FEB43C4D4 /* Watch */ = {
			isa = PBXGroup;
			children = (
				2A6A2AFAF4DB553619328067 /* DeckCountsView.swift */,
				86204AF7D14861EEF82FF7E2 /* WatchApp.swift */,
				DEB7C216105220809180B8CF /* WatchContentView.swift */,
				3B53F4EE2614A1232A890203 /* WatchDeckDetailView.swift */,
				A60169056780E6B8795FACC7 /* WatchDeckListView.swift */,
				57514F10406A5930D1E01B7F /* WatchLoginView.swift */,
				9761A12271BD9A8498A7B14E /* WatchReviewView.swift */,
				3D443C314BCDE2081B6CF7B2 /* WatchStatsView.swift */,
				5F34C1C52CEF3B2E6F9C92E1 /* WatchThemeCompatibility.swift */,
			);
			path = Watch;
			sourceTree = "<group>";
		};
		F90D9C10E2CEF0656D9B04B5 = {
			isa = PBXGroup;
			children = (
				652799243D2BEF4E5B7E34D5 /* Packages */,
				EDDFF8B62843241810A3F531 /* Resources */,
				852CFC1C0D03FE7967E700AA /* Sources */,
				C2DEE343E176258185B95328 /* Tests */,
				54701E5FE2188037820D21A7 /* Frameworks */,
				F25D5B8FD2D15F7D2AD5DB36 /* Products */,
			);
			sourceTree = "<group>";
		};
/* End PBXGroup section */

/* Begin PBXNativeTarget section */
		95284AD6E89B9B84191749DE /* AmgiApp */ = {
			isa = PBXNativeTarget;
			buildConfigurationList = 508649333842CC573F536F96 /* Build configuration list for PBXNativeTarget "AmgiApp" */;
			buildPhases = (
				C6234D2D0CDEA070ABE0CDBC /* Sources */,
				507BEFC74A9D1D4C5981265B /* Resources */,
				19B37F948ED2A792E3A74AC2 /* Frameworks */,
				410CE2AB2D9AFEF1B607231D /* Embed Foundation Extensions */,
			);
			buildRules = (
			);
			dependencies = (
				3267403ADAD9A214E1235DFB /* PBXTargetDependency */,
			);
			name = AmgiApp;
			packageProductDependencies = (
				EEE5266ACE0725F53E9703A8 /* AnkiKit */,
				9C12DFB8208798638ECB4C68 /* AnkiServices */,
				3FED5E304581C8F9AF5A7AA8 /* AnkiClients */,
				9F148DCECED472C7DE230AB6 /* AnkiSync */,
				F40C6D05700BCD9DB3969CD4 /* AnkiBackend */,
				5089B17C1D8C3637BE4FB0A9 /* AmgiCardWeb */,
				2BD648FA756A72588752BD8B /* AmgiReader */,
				DFF78E17542FA42887E61316 /* AmgiReaderDictionary */,
				DCE589747DD31E211851D79C /* AmgiTheme */,
				DAC2CBBCA214A6D82D147002 /* AmgiUI */,
				116C9E134761B3BF0647B3AF /* AmgiAppCore */,
				ACD15169111E238EEB55BFCB /* AmgiAppShared */,
				4116783E1BE6EA8C1C4481B9 /* AmgiCharts */,
				9620FA12A6D7E51DE075AA07 /* TemplatesFeature */,
				6134D4828EF9AAF6F6BB6DF6 /* StatsFeature */,
				2F8EB1A41829323C618C55E2 /* BrowseFeature */,
				4C469D6EF802EC825D6E2D20 /* SyncFeature */,
				CBE98F95767A0BAEE71ED603 /* ReaderFeature */,
				A83E8288FCBE678AC922CFF0 /* SwiftNavigation */,
				CA8CCDB6FCA0124A188DC0B8 /* SwiftUINavigation */,
				4F99E922EA9267E4EE4CD5D6 /* Sharing */,
			);
			productName = AmgiApp;
			productReference = DE61E854280804F08BB1DD31 /* AmgiApp.app */;
			productType = "com.apple.product-type.application";
		};
		9B3B324834735D7AA9620491 /* AmgiWidget */ = {
			isa = PBXNativeTarget;
			buildConfigurationList = BEB8DB7903F6F37B14F30E04 /* Build configuration list for PBXNativeTarget "AmgiWidget" */;
			buildPhases = (
				D810BE70AAE191E80D5A7779 /* Sources */,
				D96EE9D043C8D449AB3D1BF9 /* Resources */,
				13D1F5F67D6C828F4B9F1C8F /* Frameworks */,
			);
			buildRules = (
			);
			dependencies = (
			);
			fileSystemSynchronizedGroups = (
				004874923745BECF98EEBD18 /* Widgets */,
			);
			name = AmgiWidget;
			packageProductDependencies = (
				D17643555D7431BE694A9400 /* AnkiKit */,
				F965A812044E53C1A2FD5A8F /* AmgiTheme */,
				FD00F2AAC2D276FA1DA66C53 /* AmgiAppCore */,
			);
			productName = AmgiWidget;
			productReference = A837EB0A30B6E90B20D5C1CD /* AmgiWidget.appex */;
			productType = "com.apple.product-type.app-extension";
		};
		D799962EF4F5CA4D32203063 /* AmgiWatchApp */ = {
			isa = PBXNativeTarget;
			buildConfigurationList = 908CB68A40040DB509D966EA /* Build configuration list for PBXNativeTarget "AmgiWatchApp" */;
			buildPhases = (
				9B505B3DB3F7C871FAAEF781 /* Sources */,
				E369932CA4A46F6AC8C1E2C2 /* Frameworks */,
			);
			buildRules = (
			);
			dependencies = (
			);
			name = AmgiWatchApp;
			packageProductDependencies = (
				AB49118FC7A518B48ED09051 /* AnkiKit */,
				A8F51D85BA3DE2215333A244 /* AmgiTheme */,
				87D0CB2695723E94A8F6EEE4 /* AmgiUI */,
				38DEF6B96461889F8EAAAE48 /* AnkiServices */,
				1D9F9CD702DB5DC5DC8AAB30 /* AnkiClients */,
				1D52A2C890DE8794E39904C4 /* AnkiSync */,
				35974FDD258EB94D5852A939 /* AnkiBackend */,
				81149E565C8204F6F4E79A3F /* AmgiCardWeb */,
				22DC7EB8B98A3ED9E71AC3D1 /* AmgiAppCore */,
				16A0D6E4347ACFB21E40E615 /* AmgiCharts */,
				5E4DD888EA7B00AFD7922CBF /* SwiftNavigation */,
				E246B9A74FC08245970AE0E4 /* Sharing */,
			);
			productName = AmgiWatchApp;
			productReference = E52A1F699FA8746826E4EAB0 /* AmgiWatchApp.app */;
			productType = "com.apple.product-type.application";
		};
		EE6CF1FAA191BC2F0404B752 /* AmgiAppTests */ = {
			isa = PBXNativeTarget;
			buildConfigurationList = 58D4FD6150D5056D529ECB74 /* Build configuration list for PBXNativeTarget "AmgiAppTests" */;
			buildPhases = (
				DF3E5D1678F30C6F12658444 /* Sources */,
				578672C92F93DCD94D12A37E /* Resources */,
			);
			buildRules = (
			);
			dependencies = (
				E964AF600C4985DF9D5F46A0 /* PBXTargetDependency */,
			);
			fileSystemSynchronizedGroups = (
				70BB06347ADF26FA0276AD23 /* AmgiAppTests */,
			);
			name = AmgiAppTests;
			packageProductDependencies = (
			);
			productName = AmgiAppTests;
			productReference = FEF6D1A33091968455963805 /* AmgiAppTests.xctest */;
			productType = "com.apple.product-type.bundle.unit-test";
		};
/* End PBXNativeTarget section */

/* Begin PBXProject section */
		CCE55545D9F1ABEDD48DB366 /* Project object */ = {
			isa = PBXProject;
			attributes = {
				BuildIndependentTargetsInParallel = YES;
				LastUpgradeCheck = 1430;
				TargetAttributes = {
				};
			};
			buildConfigurationList = BC4A80AD6076C8423E530840 /* Build configuration list for PBXProject "AmgiApp" */;
			developmentRegion = en;
			hasScannedForEncodings = 0;
			knownRegions = (
				Base,
				en,
			);
			mainGroup = F90D9C10E2CEF0656D9B04B5;
			minimizedProjectReferenceProxies = 1;
			packageReferences = (
				0654502C09BEED604C13D953 /* XCRemoteSwiftPackageReference "swift-navigation" */,
				7B720D20F213A6E6D8D5745C /* XCRemoteSwiftPackageReference "swift-sharing" */,
				A6B96AD4B0F992B1279DBDDE /* XCLocalSwiftPackageReference "../AmgiFeatures" */,
				FDF0EDB9E0DA0C1CAA19C4F8 /* XCLocalSwiftPackageReference "../AmgiReader" */,
				D199614CC61409C8E07A39EC /* XCLocalSwiftPackageReference "../AmgiUI" */,
				269F9635F97EDD12C747836B /* XCLocalSwiftPackageReference ".." */,
			);
			preferredProjectObjectVersion = 77;
			productRefGroup = F25D5B8FD2D15F7D2AD5DB36 /* Products */;
			projectDirPath = "";
			projectRoot = "";
			targets = (
				95284AD6E89B9B84191749DE /* AmgiApp */,
				9B3B324834735D7AA9620491 /* AmgiWidget */,
				D799962EF4F5CA4D32203063 /* AmgiWatchApp */,
				EE6CF1FAA191BC2F0404B752 /* AmgiAppTests */,
			);
		};
/* End PBXProject section */

/* Begin PBXResourcesBuildPhase section */
		507BEFC74A9D1D4C5981265B /* Resources */ = {
			isa = PBXResourcesBuildPhase;
			buildActionMask = 2147483647;
			files = (
				67A2ED31F59B08EBD06A4FED /* Assets.xcassets in Resources */,
				914745C4D1A6A52334194F09 /* EPUBReader in Resources */,
				9063E7D11DDAA9D8A7A0CF5D /* Fonts in Resources */,
				8AE5F2F0A719B566CC316F35 /* Review in Resources */,
				9E79CAC91DE4DC297BDB10DE /* mathjax in Resources */,
			);
			runOnlyForDeploymentPostprocessing = 0;
		};
		578672C92F93DCD94D12A37E /* Resources */ = {
			isa = PBXResourcesBuildPhase;
			buildActionMask = 2147483647;
			files = (
			);
			runOnlyForDeploymentPostprocessing = 0;
		};
		D96EE9D043C8D449AB3D1BF9 /* Resources */ = {
			isa = PBXResourcesBuildPhase;
			buildActionMask = 2147483647;
			files = (
			);
			runOnlyForDeploymentPostprocessing = 0;
		};
/* End PBXResourcesBuildPhase section */

/* Begin PBXSourcesBuildPhase section */
		9B505B3DB3F7C871FAAEF781 /* Sources */ = {
			isa = PBXSourcesBuildPhase;
			buildActionMask = 2147483647;
			files = (
				DE0DB0C2E15B0BFDE4E06947 /* DeckCountsView.swift in Sources */,
				881668A8F3124FCC7A554877 /* ReviewAudioSession.swift in Sources */,
				0A9E1DE31E09FBDF10CD981D /* ReviewSession.swift in Sources */,
				699E53E6B7048305A4A14AD3 /* TemplateRenderOverrides.swift in Sources */,
				6CF26B3108E38F231B7113AC /* WatchApp.swift in Sources */,
				977CE9BA42BECBC190C5861A /* WatchContentView.swift in Sources */,
				F207ABF52BCCFE464CB3A4E7 /* WatchDeckDetailView.swift in Sources */,
				5AC7AEF49C47D4B2562630EC /* WatchDeckListView.swift in Sources */,
				31DFB8BCCF69A31D87858FFB /* WatchLoginView.swift in Sources */,
				3D268B4CF0BCA67EC007563F /* WatchReviewView.swift in Sources */,
				360BEED33A882BB8C8A9141A /* WatchStatsView.swift in Sources */,
				F20F8BB863FC78D7DCEF5D4B /* WatchThemeCompatibility.swift in Sources */,
			);
			runOnlyForDeploymentPostprocessing = 0;
		};
		C6234D2D0CDEA070ABE0CDBC /* Sources */ = {
			isa = PBXSourcesBuildPhase;
			buildActionMask = 2147483647;
			files = (
				F435860F404414DDFB885081 /* AboutView.swift in Sources */,
				5E16449905162CE9B2405DF5 /* AccountsSettingsView.swift in Sources */,
				BB3E89CDD647E53D949E751D /* AmgiAppApp.swift in Sources */,
				F12D2524A2616E3735B61E6F /* AppearanceSettingsView.swift in Sources */,
				FB8764C1AA520AC1B52A3F79 /* BackupView.swift in Sources */,
				FAC37531F72B8508E8253A62 /* CardAssetScheme.swift in Sources */,
				1E1BF8ADFE7DAF00588543FE /* CardRenderingSettingsView.swift in Sources */,
				2B3722F4A958BE92E88FC2C5 /* CardWebView.swift in Sources */,
				7EC529DC6A312F24FC8069FD /* CardWebViewConfig.swift in Sources */,
				0453D87A64F5D97716D53E90 /* CardWebViewCoordinator.swift in Sources */,
				9EAD0522B1DD04941E870437 /* CodeEditorSettingsView.swift in Sources */,
				73BED515464AA8C80C765BFF /* ContentView.swift in Sources */,
				069FB7721A08F39D6E8271DB /* CreateDeckSheet.swift in Sources */,
				570828091E1FF534441427EA /* DebugView.swift in Sources */,
				75380F9BE33B85F31F5A5279 /* DeckConfigDestination.swift in Sources */,
				2CAB5110CCB01AF10B974D9E /* DeckConfigModel.swift in Sources */,
				626B8BFD9C75DACBE6B13B2A /* DeckConfigPresentations.swift in Sources */,
				6C368FB5E07B73E570F9F747 /* DeckConfigSections.swift in Sources */,
				207D99D4CAFE4F1300F72217 /* DeckConfigView.swift in Sources */,
				58748C29E5AD3E1016379941 /* DeckDetailBanners.swift in Sources */,
				ED773D0658D79BF857AC7E33 /* DeckDetailDestination.swift in Sources */,
				97716AA1190D5B82540A355E /* DeckDetailModel.swift in Sources */,
				B97FF9F69B4A6A94CDAE1610 /* DeckDetailPresentations.swift in Sources */,
				C09A2A870D3E6F0F7D4E5A04 /* DeckDetailStats.swift in Sources */,
				6510AAE691D538C1629A6D12 /* DeckDetailView.swift in Sources */,
				2F43663149BBF09CD9A48432 /* DeckImportModifier.swift in Sources */,
				D3B0989D3CEBB20DAA62EA90 /* DeckListModel.swift in Sources */,
				DE98A74CA5D8DD96B249AF62 /* DeckListRowView.swift in Sources */,
				DB8CA754373E723344121D7D /* DeckListView.swift in Sources */,
				299B005188E1C31734C0AFF2 /* EmptyCardsModel.swift in Sources */,
				8B99191DE01CA2535D41A860 /* EmptyCardsView.swift in Sources */,
				D9802D91A8B55B23577F6EFB /* FlipContainer.swift in Sources */,
				83F1DF368A5E6702585B868F /* FsrsSimulator.swift in Sources */,
				A3B2E1FE21E4233E17502743 /* FsrsSimulatorModel.swift in Sources */,
				6C75D6E4500FC310A8EAE524 /* MainTabView.swift in Sources */,
				538DDAEB25D5AA09A680B4C8 /* MaintenanceModel.swift in Sources */,
				EF9AE5772C4EAA9AA7A33BEC /* MaintenanceView.swift in Sources */,
				CCE2831EA37962FEEC99013A /* MediaCheckModel.swift in Sources */,
				FBDD17C4C5111E25EA33A72B /* MediaCheckResultView.swift in Sources */,
				0FDF34D6806933E95B721D02 /* NativeCardAudioPlayer.swift in Sources */,
				077F0910DA0E5D6380FF6EA3 /* NativeCardView.swift in Sources */,
				402596FE0D7AF17DA2F8B746 /* ProfilePickerMenu.swift in Sources */,
				391CC0DC3F78804CB9D4F2A7 /* RatingBar.swift in Sources */,
				D0E9E2D64289CAB5CA8D67E1 /* ReaderSettingsView.swift in Sources */,
				E8CE9276CD85FEC652968AA5 /* RenameDeckSheet.swift in Sources */,
				E18368C644EE632856232766 /* RenderModeChipRow.swift in Sources */,
				67A095604A636B213AA9661B /* RenderModeSheet.swift in Sources */,
				49104EDF36126D6FEB4063F4 /* RetroactiveIdentifiable.swift in Sources */,
				E309863697020446528E29DD /* ReviewAudioSession.swift in Sources */,
				973A71851E7AB4BA413D3FC1 /* ReviewSession.swift in Sources */,
				9480AB82C17BCEDE17F5A632 /* ReviewSettingsView.swift in Sources */,
				0F40C1E8847A0ABB57C180F5 /* ReviewView.swift in Sources */,
				036A4625F27B308AC8035966 /* SettingsControls.swift in Sources */,
				ED890DB131928B61AEA1551B /* SettingsRow.swift in Sources */,
				6D783B1E6B06D55C4F3CDB41 /* SettingsView.swift in Sources */,
				8C87B61A46DD9657DD5DB797 /* SyncSettingsView.swift in Sources */,
				A352A3283DE8FC61CC4BDD8A /* TemplateOverridesView.swift in Sources */,
				B08106133B02AB180115EBA7 /* TemplateRenderOverrides.swift in Sources */,
			);
			runOnlyForDeploymentPostprocessing = 0;
		};
		D810BE70AAE191E80D5A7779 /* Sources */ = {
			isa = PBXSourcesBuildPhase;
			buildActionMask = 2147483647;
			files = (
			);
			runOnlyForDeploymentPostprocessing = 0;
		};
		DF3E5D1678F30C6F12658444 /* Sources */ = {
			isa = PBXSourcesBuildPhase;
			buildActionMask = 2147483647;
			files = (
			);
			runOnlyForDeploymentPostprocessing = 0;
		};
/* End PBXSourcesBuildPhase section */

/* Begin PBXTargetDependency section */
		3267403ADAD9A214E1235DFB /* PBXTargetDependency */ = {
			isa = PBXTargetDependency;
			target = 9B3B324834735D7AA9620491 /* AmgiWidget */;
			targetProxy = EE34BEA2D08D4B4B3CE4BF7A /* PBXContainerItemProxy */;
		};
		E964AF600C4985DF9D5F46A0 /* PBXTargetDependency */ = {
			isa = PBXTargetDependency;
			target = 95284AD6E89B9B84191749DE /* AmgiApp */;
			targetProxy = 405A1DF95A869267A4FF267C /* PBXContainerItemProxy */;
		};
/* End PBXTargetDependency section */

/* Begin XCBuildConfiguration section */
		01CDE097EE270648A3455BCC /* Release */ = {
			isa = XCBuildConfiguration;
			buildSettings = {
				ALWAYS_SEARCH_USER_PATHS = NO;
				CLANG_ANALYZER_NONNULL = YES;
				CLANG_ANALYZER_NUMBER_OBJECT_CONVERSION = YES_AGGRESSIVE;
				CLANG_CXX_LANGUAGE_STANDARD = "gnu++14";
				CLANG_CXX_LIBRARY = "libc++";
				CLANG_ENABLE_MODULES = YES;
				CLANG_ENABLE_OBJC_ARC = YES;
				CLANG_ENABLE_OBJC_WEAK = YES;
				CLANG_WARN_BLOCK_CAPTURE_AUTORELEASING = YES;
				CLANG_WARN_BOOL_CONVERSION = YES;
				CLANG_WARN_COMMA = YES;
				CLANG_WARN_CONSTANT_CONVERSION = YES;
				CLANG_WARN_DEPRECATED_OBJC_IMPLEMENTATIONS = YES;
				CLANG_WARN_DIRECT_OBJC_ISA_USAGE = YES_ERROR;
				CLANG_WARN_DOCUMENTATION_COMMENTS = YES;
				CLANG_WARN_EMPTY_BODY = YES;
				CLANG_WARN_ENUM_CONVERSION = YES;
				CLANG_WARN_INFINITE_RECURSION = YES;
				CLANG_WARN_INT_CONVERSION = YES;
				CLANG_WARN_NON_LITERAL_NULL_CONVERSION = YES;
				CLANG_WARN_OBJC_IMPLICIT_RETAIN_SELF = YES;
				CLANG_WARN_OBJC_LITERAL_CONVERSION = YES;
				CLANG_WARN_OBJC_ROOT_CLASS = YES_ERROR;
				CLANG_WARN_QUOTED_INCLUDE_IN_FRAMEWORK_HEADER = YES;
				CLANG_WARN_RANGE_LOOP_ANALYSIS = YES;
				CLANG_WARN_STRICT_PROTOTYPES = YES;
				CLANG_WARN_SUSPICIOUS_MOVE = YES;
				CLANG_WARN_UNGUARDED_AVAILABILITY = YES_AGGRESSIVE;
				CLANG_WARN_UNREACHABLE_CODE = YES;
				CLANG_WARN__DUPLICATE_METHOD_MATCH = YES;
				COMPILATION_CACHE_ENABLE_CACHING = YES;
				COPY_PHASE_STRIP = NO;
				CURRENT_PROJECT_VERSION = 6;
				DEBUG_INFORMATION_FORMAT = "dwarf-with-dsym";
				ENABLE_NS_ASSERTIONS = NO;
				ENABLE_STRICT_OBJC_MSGSEND = YES;
				ENABLE_TESTABILITY = NO;
				ENABLE_USER_SCRIPT_SANDBOXING = YES;
				GCC_C_LANGUAGE_STANDARD = gnu11;
				GCC_NO_COMMON_BLOCKS = YES;
				GCC_OPTIMIZATION_LEVEL = s;
				GCC_WARN_64_TO_32_BIT_CONVERSION = YES;
				GCC_WARN_ABOUT_RETURN_TYPE = YES_ERROR;
				GCC_WARN_UNDECLARED_SELECTOR = YES;
				GCC_WARN_UNINITIALIZED_AUTOS = YES_AGGRESSIVE;
				GCC_WARN_UNUSED_FUNCTION = YES;
				GCC_WARN_UNUSED_VARIABLE = YES;
				IPHONEOS_DEPLOYMENT_TARGET = 18.0;
				LOCALIZED_STRING_SWIFTUI_SUPPORT = YES;
				MARKETING_VERSION = 0.1.0;
				MTL_ENABLE_DEBUG_INFO = NO;
				MTL_FAST_MATH = YES;
				ONLY_ACTIVE_ARCH = NO;
				OTHER_SWIFT_FLAGS = "$(inherited) -enable-upcoming-feature NonisolatedNonsendingByDefault";
				PRODUCT_NAME = "$(TARGET_NAME)";
				STRING_CATALOG_GENERATE_SYMBOLS = YES;
				SWIFT_COMPILATION_MODE = wholemodule;
				SWIFT_OPTIMIZATION_LEVEL = "-O";
				SWIFT_STRICT_CONCURRENCY = complete;
				SWIFT_VERSION = 6.0;
				WATCHOS_DEPLOYMENT_TARGET = 11.0;
			};
			name = Release;
		};
		1D180DB342CB1285F3F30774 /* Debug */ = {
			isa = XCBuildConfiguration;
			buildSettings = {
				BUNDLE_LOADER = "$(TEST_HOST)";
				CLANG_CXX_LANGUAGE_STANDARD = "c++20";
				CLANG_CXX_LIBRARY = "libc++";
				GENERATE_INFOPLIST_FILE = YES;
				LD_RUNPATH_SEARCH_PATHS = (
					"$(inherited)",
					"@executable_path/Frameworks",
					"@loader_path/Frameworks",
				);
				OTHER_SWIFT_FLAGS = "$(inherited) -cxx-interoperability-mode=default";
				PRODUCT_BUNDLE_IDENTIFIER = com.amgiapp.AmgiAppTests;
				SDKROOT = iphoneos;
				SWIFT_CXX_INTEROPERABILITY_MODE = default;
				TARGETED_DEVICE_FAMILY = "1,2";
				TEST_HOST = "$(BUILT_PRODUCTS_DIR)/AmgiApp.app/AmgiApp";
			};
			name = Debug;
		};
		48CAD2B8E5E76236A9CE3FF8 /* Release */ = {
			isa = XCBuildConfiguration;
			buildSettings = {
				ASSETCATALOG_COMPILER_APPICON_NAME = AppIcon;
				CLANG_CXX_LANGUAGE_STANDARD = "c++20";
				CLANG_CXX_LIBRARY = "libc++";
				CODE_SIGN_ENTITLEMENTS = AmgiApp.entitlements;
				CODE_SIGN_IDENTITY = "iPhone Developer";
				INFOPLIST_FILE = Info.plist;
				LD_RUNPATH_SEARCH_PATHS = (
					"$(inherited)",
					"@executable_path/Frameworks",
				);
				OTHER_SWIFT_FLAGS = "$(inherited) -cxx-interoperability-mode=default";
				PRODUCT_BUNDLE_IDENTIFIER = com.amgiapp.AmgiApp;
				SDKROOT = iphoneos;
				SWIFT_CXX_INTEROPERABILITY_MODE = default;
				TARGETED_DEVICE_FAMILY = "1,2";
			};
			name = Release;
		};
		50D2E3D69F1AC5A7F66FE08C /* Release */ = {
			isa = XCBuildConfiguration;
			buildSettings = {
				ASSETCATALOG_COMPILER_APPICON_NAME = AppIcon;
				GENERATE_INFOPLIST_FILE = YES;
				INFOPLIST_KEY_WKCompanionAppBundleIdentifier = com.amgiapp.AmgiApp;
				PRODUCT_BUNDLE_IDENTIFIER = com.amgiapp.AmgiApp.watch;
				SDKROOT = watchos;
				SKIP_INSTALL = YES;
				TARGETED_DEVICE_FAMILY = 4;
			};
			name = Release;
		};
		5987A44A773D53DA29C4E928 /* Release */ = {
			isa = XCBuildConfiguration;
			buildSettings = {
				BUNDLE_LOADER = "$(TEST_HOST)";
				CLANG_CXX_LANGUAGE_STANDARD = "c++20";
				CLANG_CXX_LIBRARY = "libc++";
				GENERATE_INFOPLIST_FILE = YES;
				LD_RUNPATH_SEARCH_PATHS = (
					"$(inherited)",
					"@executable_path/Frameworks",
					"@loader_path/Frameworks",
				);
				OTHER_SWIFT_FLAGS = "$(inherited) -cxx-interoperability-mode=default";
				PRODUCT_BUNDLE_IDENTIFIER = com.amgiapp.AmgiAppTests;
				SDKROOT = iphoneos;
				SWIFT_CXX_INTEROPERABILITY_MODE = default;
				TARGETED_DEVICE_FAMILY = "1,2";
				TEST_HOST = "$(BUILT_PRODUCTS_DIR)/AmgiApp.app/AmgiApp";
			};
			name = Release;
		};
		B2FEE2CDEFFBD12DCDE488BA /* Debug */ = {
			isa = XCBuildConfiguration;
			buildSettings = {
				ASSETCATALOG_COMPILER_APPICON_NAME = AppIcon;
				GENERATE_INFOPLIST_FILE = YES;
				INFOPLIST_KEY_WKCompanionAppBundleIdentifier = com.amgiapp.AmgiApp;
				PRODUCT_BUNDLE_IDENTIFIER = com.amgiapp.AmgiApp.watch;
				SDKROOT = watchos;
				SKIP_INSTALL = YES;
				TARGETED_DEVICE_FAMILY = 4;
			};
			name = Debug;
		};
		B9DA3DD5F83727DB538B5362 /* Debug */ = {
			isa = XCBuildConfiguration;
			buildSettings = {
				ALWAYS_SEARCH_USER_PATHS = NO;
				CLANG_ANALYZER_NONNULL = YES;
				CLANG_ANALYZER_NUMBER_OBJECT_CONVERSION = YES_AGGRESSIVE;
				CLANG_CXX_LANGUAGE_STANDARD = "gnu++14";
				CLANG_CXX_LIBRARY = "libc++";
				CLANG_ENABLE_MODULES = YES;
				CLANG_ENABLE_OBJC_ARC = YES;
				CLANG_ENABLE_OBJC_WEAK = YES;
				CLANG_WARN_BLOCK_CAPTURE_AUTORELEASING = YES;
				CLANG_WARN_BOOL_CONVERSION = YES;
				CLANG_WARN_COMMA = YES;
				CLANG_WARN_CONSTANT_CONVERSION = YES;
				CLANG_WARN_DEPRECATED_OBJC_IMPLEMENTATIONS = YES;
				CLANG_WARN_DIRECT_OBJC_ISA_USAGE = YES_ERROR;
				CLANG_WARN_DOCUMENTATION_COMMENTS = YES;
				CLANG_WARN_EMPTY_BODY = YES;
				CLANG_WARN_ENUM_CONVERSION = YES;
				CLANG_WARN_INFINITE_RECURSION = YES;
				CLANG_WARN_INT_CONVERSION = YES;
				CLANG_WARN_NON_LITERAL_NULL_CONVERSION = YES;
				CLANG_WARN_OBJC_IMPLICIT_RETAIN_SELF = YES;
				CLANG_WARN_OBJC_LITERAL_CONVERSION = YES;
				CLANG_WARN_OBJC_ROOT_CLASS = YES_ERROR;
				CLANG_WARN_QUOTED_INCLUDE_IN_FRAMEWORK_HEADER = YES;
				CLANG_WARN_RANGE_LOOP_ANALYSIS = YES;
				CLANG_WARN_STRICT_PROTOTYPES = YES;
				CLANG_WARN_SUSPICIOUS_MOVE = YES;
				CLANG_WARN_UNGUARDED_AVAILABILITY = YES_AGGRESSIVE;
				CLANG_WARN_UNREACHABLE_CODE = YES;
				CLANG_WARN__DUPLICATE_METHOD_MATCH = YES;
				COMPILATION_CACHE_ENABLE_CACHING = YES;
				COPY_PHASE_STRIP = NO;
				CURRENT_PROJECT_VERSION = 6;
				DEBUG_INFORMATION_FORMAT = dwarf;
				EAGER_LINKING = YES;
				ENABLE_STRICT_OBJC_MSGSEND = YES;
				ENABLE_TESTABILITY = YES;
				ENABLE_USER_SCRIPT_SANDBOXING = YES;
				GCC_C_LANGUAGE_STANDARD = gnu11;
				GCC_DYNAMIC_NO_PIC = NO;
				GCC_NO_COMMON_BLOCKS = YES;
				GCC_OPTIMIZATION_LEVEL = 0;
				GCC_PREPROCESSOR_DEFINITIONS = (
					"$(inherited)",
					"DEBUG=1",
				);
				GCC_WARN_64_TO_32_BIT_CONVERSION = YES;
				GCC_WARN_ABOUT_RETURN_TYPE = YES_ERROR;
				GCC_WARN_UNDECLARED_SELECTOR = YES;
				GCC_WARN_UNINITIALIZED_AUTOS = YES_AGGRESSIVE;
				GCC_WARN_UNUSED_FUNCTION = YES;
				GCC_WARN_UNUSED_VARIABLE = YES;
				IPHONEOS_DEPLOYMENT_TARGET = 18.0;
				LOCALIZED_STRING_SWIFTUI_SUPPORT = YES;
				MARKETING_VERSION = 0.1.0;
				MTL_ENABLE_DEBUG_INFO = INCLUDE_SOURCE;
				MTL_FAST_MATH = YES;
				ONLY_ACTIVE_ARCH = YES;
				OTHER_SWIFT_FLAGS = "$(inherited) -enable-upcoming-feature NonisolatedNonsendingByDefault";
				PRODUCT_NAME = "$(TARGET_NAME)";
				STRING_CATALOG_GENERATE_SYMBOLS = YES;
				SWIFT_ACTIVE_COMPILATION_CONDITIONS = DEBUG;
				SWIFT_OPTIMIZATION_LEVEL = "-Onone";
				SWIFT_STRICT_CONCURRENCY = complete;
				SWIFT_VERSION = 6.0;
				WATCHOS_DEPLOYMENT_TARGET = 11.0;
			};
			name = Debug;
		};
		BCA1A313BD0827666D6635B3 /* Debug */ = {
			isa = XCBuildConfiguration;
			buildSettings = {
				ASSETCATALOG_COMPILER_APPICON_NAME = AppIcon;
				CLANG_CXX_LANGUAGE_STANDARD = "c++20";
				CLANG_CXX_LIBRARY = "libc++";
				CODE_SIGN_ENTITLEMENTS = AmgiApp.entitlements;
				CODE_SIGN_IDENTITY = "iPhone Developer";
				INFOPLIST_FILE = Info.plist;
				LD_RUNPATH_SEARCH_PATHS = (
					"$(inherited)",
					"@executable_path/Frameworks",
				);
				OTHER_SWIFT_FLAGS = "$(inherited) -cxx-interoperability-mode=default";
				PRODUCT_BUNDLE_IDENTIFIER = com.amgiapp.AmgiApp;
				SDKROOT = iphoneos;
				SWIFT_CXX_INTEROPERABILITY_MODE = default;
				TARGETED_DEVICE_FAMILY = "1,2";
			};
			name = Debug;
		};
		CDA499720B04E282D7607B17 /* Debug */ = {
			isa = XCBuildConfiguration;
			buildSettings = {
				CODE_SIGN_ENTITLEMENTS = AmgiWidget.entitlements;
				INFOPLIST_FILE = Sources/Widgets/Info.plist;
				LD_RUNPATH_SEARCH_PATHS = (
					"$(inherited)",
					"@executable_path/Frameworks",
					"@executable_path/../../Frameworks",
				);
				PRODUCT_BUNDLE_IDENTIFIER = com.amgiapp.AmgiApp.widget;
				SDKROOT = iphoneos;
				TARGETED_DEVICE_FAMILY = "1,2";
			};
			name = Debug;
		};
		DA5608BBDBA218288D59134B /* Release */ = {
			isa = XCBuildConfiguration;
			buildSettings = {
				CODE_SIGN_ENTITLEMENTS = AmgiWidget.entitlements;
				INFOPLIST_FILE = Sources/Widgets/Info.plist;
				LD_RUNPATH_SEARCH_PATHS = (
					"$(inherited)",
					"@executable_path/Frameworks",
					"@executable_path/../../Frameworks",
				);
				PRODUCT_BUNDLE_IDENTIFIER = com.amgiapp.AmgiApp.widget;
				SDKROOT = iphoneos;
				TARGETED_DEVICE_FAMILY = "1,2";
			};
			name = Release;
		};
/* End XCBuildConfiguration section */

/* Begin XCConfigurationList section */
		508649333842CC573F536F96 /* Build configuration list for PBXNativeTarget "AmgiApp" */ = {
			isa = XCConfigurationList;
			buildConfigurations = (
				BCA1A313BD0827666D6635B3 /* Debug */,
				48CAD2B8E5E76236A9CE3FF8 /* Release */,
			);
			defaultConfigurationIsVisible = 0;
			defaultConfigurationName = Debug;
		};
		58D4FD6150D5056D529ECB74 /* Build configuration list for PBXNativeTarget "AmgiAppTests" */ = {
			isa = XCConfigurationList;
			buildConfigurations = (
				1D180DB342CB1285F3F30774 /* Debug */,
				5987A44A773D53DA29C4E928 /* Release */,
			);
			defaultConfigurationIsVisible = 0;
			defaultConfigurationName = Debug;
		};
		908CB68A40040DB509D966EA /* Build configuration list for PBXNativeTarget "AmgiWatchApp" */ = {
			isa = XCConfigurationList;
			buildConfigurations = (
				B2FEE2CDEFFBD12DCDE488BA /* Debug */,
				50D2E3D69F1AC5A7F66FE08C /* Release */,
			);
			defaultConfigurationIsVisible = 0;
			defaultConfigurationName = Debug;
		};
		BC4A80AD6076C8423E530840 /* Build configuration list for PBXProject "AmgiApp" */ = {
			isa = XCConfigurationList;
			buildConfigurations = (
				B9DA3DD5F83727DB538B5362 /* Debug */,
				01CDE097EE270648A3455BCC /* Release */,
			);
			defaultConfigurationIsVisible = 0;
			defaultConfigurationName = Debug;
		};
		BEB8DB7903F6F37B14F30E04 /* Build configuration list for PBXNativeTarget "AmgiWidget" */ = {
			isa = XCConfigurationList;
			buildConfigurations = (
				CDA499720B04E282D7607B17 /* Debug */,
				DA5608BBDBA218288D59134B /* Release */,
			);
			defaultConfigurationIsVisible = 0;
			defaultConfigurationName = Debug;
		};
/* End XCConfigurationList section */

/* Begin XCLocalSwiftPackageReference section */
		269F9635F97EDD12C747836B /* XCLocalSwiftPackageReference ".." */ = {
			isa = XCLocalSwiftPackageReference;
			relativePath = ..;
		};
		A6B96AD4B0F992B1279DBDDE /* XCLocalSwiftPackageReference "../AmgiFeatures" */ = {
			isa = XCLocalSwiftPackageReference;
			relativePath = ../AmgiFeatures;
		};
		D199614CC61409C8E07A39EC /* XCLocalSwiftPackageReference "../AmgiUI" */ = {
			isa = XCLocalSwiftPackageReference;
			relativePath = ../AmgiUI;
		};
		FDF0EDB9E0DA0C1CAA19C4F8 /* XCLocalSwiftPackageReference "../AmgiReader" */ = {
			isa = XCLocalSwiftPackageReference;
			relativePath = ../AmgiReader;
		};
/* End XCLocalSwiftPackageReference section */

/* Begin XCRemoteSwiftPackageReference section */
		0654502C09BEED604C13D953 /* XCRemoteSwiftPackageReference "swift-navigation" */ = {
			isa = XCRemoteSwiftPackageReference;
			repositoryURL = "https://github.com/pointfreeco/swift-navigation";
			requirement = {
				kind = upToNextMajorVersion;
				minimumVersion = 2.0.0;
			};
		};
		7B720D20F213A6E6D8D5745C /* XCRemoteSwiftPackageReference "swift-sharing" */ = {
			isa = XCRemoteSwiftPackageReference;
			repositoryURL = "https://github.com/pointfreeco/swift-sharing";
			requirement = {
				kind = upToNextMajorVersion;
				minimumVersion = 2.0.0;
			};
		};
/* End XCRemoteSwiftPackageReference section */

/* Begin XCSwiftPackageProductDependency section */
		116C9E134761B3BF0647B3AF /* AmgiAppCore */ = {
			isa = XCSwiftPackageProductDependency;
			productName = AmgiAppCore;
		};
		16A0D6E4347ACFB21E40E615 /* AmgiCharts */ = {
			isa = XCSwiftPackageProductDependency;
			productName = AmgiCharts;
		};
		1D52A2C890DE8794E39904C4 /* AnkiSync */ = {
			isa = XCSwiftPackageProductDependency;
			productName = AnkiSync;
		};
		1D9F9CD702DB5DC5DC8AAB30 /* AnkiClients */ = {
			isa = XCSwiftPackageProductDependency;
			productName = AnkiClients;
		};
		22DC7EB8B98A3ED9E71AC3D1 /* AmgiAppCore */ = {
			isa = XCSwiftPackageProductDependency;
			productName = AmgiAppCore;
		};
		2BD648FA756A72588752BD8B /* AmgiReader */ = {
			isa = XCSwiftPackageProductDependency;
			productName = AmgiReader;
		};
		2F8EB1A41829323C618C55E2 /* BrowseFeature */ = {
			isa = XCSwiftPackageProductDependency;
			productName = BrowseFeature;
		};
		35974FDD258EB94D5852A939 /* AnkiBackend */ = {
			isa = XCSwiftPackageProductDependency;
			productName = AnkiBackend;
		};
		38DEF6B96461889F8EAAAE48 /* AnkiServices */ = {
			isa = XCSwiftPackageProductDependency;
			productName = AnkiServices;
		};
		3FED5E304581C8F9AF5A7AA8 /* AnkiClients */ = {
			isa = XCSwiftPackageProductDependency;
			productName = AnkiClients;
		};
		4116783E1BE6EA8C1C4481B9 /* AmgiCharts */ = {
			isa = XCSwiftPackageProductDependency;
			productName = AmgiCharts;
		};
		4C469D6EF802EC825D6E2D20 /* SyncFeature */ = {
			isa = XCSwiftPackageProductDependency;
			productName = SyncFeature;
		};
		4F99E922EA9267E4EE4CD5D6 /* Sharing */ = {
			isa = XCSwiftPackageProductDependency;
			package = 7B720D20F213A6E6D8D5745C /* XCRemoteSwiftPackageReference "swift-sharing" */;
			productName = Sharing;
		};
		5089B17C1D8C3637BE4FB0A9 /* AmgiCardWeb */ = {
			isa = XCSwiftPackageProductDependency;
			productName = AmgiCardWeb;
		};
		5E4DD888EA7B00AFD7922CBF /* SwiftNavigation */ = {
			isa = XCSwiftPackageProductDependency;
			package = 0654502C09BEED604C13D953 /* XCRemoteSwiftPackageReference "swift-navigation" */;
			productName = SwiftNavigation;
		};
		6134D4828EF9AAF6F6BB6DF6 /* StatsFeature */ = {
			isa = XCSwiftPackageProductDependency;
			productName = StatsFeature;
		};
		81149E565C8204F6F4E79A3F /* AmgiCardWeb */ = {
			isa = XCSwiftPackageProductDependency;
			productName = AmgiCardWeb;
		};
		87D0CB2695723E94A8F6EEE4 /* AmgiUI */ = {
			isa = XCSwiftPackageProductDependency;
			productName = AmgiUI;
		};
		9620FA12A6D7E51DE075AA07 /* TemplatesFeature */ = {
			isa = XCSwiftPackageProductDependency;
			productName = TemplatesFeature;
		};
		9C12DFB8208798638ECB4C68 /* AnkiServices */ = {
			isa = XCSwiftPackageProductDependency;
			productName = AnkiServices;
		};
		9F148DCECED472C7DE230AB6 /* AnkiSync */ = {
			isa = XCSwiftPackageProductDependency;
			productName = AnkiSync;
		};
		A83E8288FCBE678AC922CFF0 /* SwiftNavigation */ = {
			isa = XCSwiftPackageProductDependency;
			package = 0654502C09BEED604C13D953 /* XCRemoteSwiftPackageReference "swift-navigation" */;
			productName = SwiftNavigation;
		};
		A8F51D85BA3DE2215333A244 /* AmgiTheme */ = {
			isa = XCSwiftPackageProductDependency;
			productName = AmgiTheme;
		};
		AB49118FC7A518B48ED09051 /* AnkiKit */ = {
			isa = XCSwiftPackageProductDependency;
			productName = AnkiKit;
		};
		ACD15169111E238EEB55BFCB /* AmgiAppShared */ = {
			isa = XCSwiftPackageProductDependency;
			productName = AmgiAppShared;
		};
		CA8CCDB6FCA0124A188DC0B8 /* SwiftUINavigation */ = {
			isa = XCSwiftPackageProductDependency;
			package = 0654502C09BEED604C13D953 /* XCRemoteSwiftPackageReference "swift-navigation" */;
			productName = SwiftUINavigation;
		};
		CBE98F95767A0BAEE71ED603 /* ReaderFeature */ = {
			isa = XCSwiftPackageProductDependency;
			productName = ReaderFeature;
		};
		D17643555D7431BE694A9400 /* AnkiKit */ = {
			isa = XCSwiftPackageProductDependency;
			productName = AnkiKit;
		};
		DAC2CBBCA214A6D82D147002 /* AmgiUI */ = {
			isa = XCSwiftPackageProductDependency;
			productName = AmgiUI;
		};
		DCE589747DD31E211851D79C /* AmgiTheme */ = {
			isa = XCSwiftPackageProductDependency;
			productName = AmgiTheme;
		};
		DFF78E17542FA42887E61316 /* AmgiReaderDictionary */ = {
			isa = XCSwiftPackageProductDependency;
			productName = AmgiReaderDictionary;
		};
		E246B9A74FC08245970AE0E4 /* Sharing */ = {
			isa = XCSwiftPackageProductDependency;
			package = 7B720D20F213A6E6D8D5745C /* XCRemoteSwiftPackageReference "swift-sharing" */;
			productName = Sharing;
		};
		EEE5266ACE0725F53E9703A8 /* AnkiKit */ = {
			isa = XCSwiftPackageProductDependency;
			productName = AnkiKit;
		};
		F40C6D05700BCD9DB3969CD4 /* AnkiBackend */ = {
			isa = XCSwiftPackageProductDependency;
			productName = AnkiBackend;
		};
		F965A812044E53C1A2FD5A8F /* AmgiTheme */ = {
			isa = XCSwiftPackageProductDependency;
			productName = AmgiTheme;
		};
		FD00F2AAC2D276FA1DA66C53 /* AmgiAppCore */ = {
			isa = XCSwiftPackageProductDependency;
			productName = AmgiAppCore;
		};
/* End XCSwiftPackageProductDependency section */
	};
	rootObject = CCE55545D9F1ABEDD48DB366 /* Project object */;
}
